
Microsoft Visual Studio Solution File, Format Version 12.00
# Visual Studio 15
VisualStudioVersion = 15.0.27130.2026
MinimumVisualStudioVersion = 10.0.40219.1
Project("{FAE04EC0-301F-11D3-BF4B-00C04F79EFBC}") = "AppTester", "AppTester\AppTester.csproj", "{BDBCECDB-5A36-4643-9331-2DD7BE231A7C}"
EndProject
Project("{9A19103F-16F7-4668-BE54-9A1E7A4F7556}") = "RedDavidApps", "RedDavidApps\RedDavidApps.csproj", "{F2C5A331-7A20-4557-8A16-467859824FA3}"
EndProject
Project("{FAE04EC0-301F-11D3-BF4B-00C04F79EFBC}") = "RadioStats", "RadioStats\RadioStats.csproj", "{861270B2-F279-4F17-A18C-326F1516698C}"
EndProject
Project("{FAE04EC0-301F-11D3-BF4B-00C04F79EFBC}") = "StoreApiTester", "StoreApiTester\StoreApiTester.csproj", "{E243209E-13C1-45AB-9E52-FD3FBBA802A0}"
EndProject
Project("{FAE04EC0-301F-11D3-BF4B-00C04F79EFBC}") = "RadioMobile", "RadioMobile\RadioMobile.csproj", "{B8805890-EE49-4B75-B08D-EA6A0731C3C8}"
EndProject
Project("{FAE04EC0-301F-11D3-BF4B-00C04F79EFBC}") = "ConsoleApp1", "ConsoleApp1\ConsoleApp1.csproj", "{EB63F81F-2A57-4533-9E81-BB584A1FDC76}"
EndProject
Project("{FAE04EC0-301F-11D3-BF4B-00C04F79EFBC}") = "RFIDGateSystem.Forms", "RFIDGateSystem.Forms\RFIDGateSystem.Forms.csproj", "{375C030A-84BD-444B-9BD3-FFCC11BC01B9}"
EndProject
Project("{FAE04EC0-301F-11D3-BF4B-00C04F79EFBC}") = "UWPXAMLControls", "UWPXAMLControls\UWPXAMLControls.csproj", "{BF21F832-642C-45A7-BA06-818CBD48B5B0}"
EndProject
Project("{FAE04EC0-301F-11D3-BF4B-00C04F79EFBC}") = "RichTest.Forms", "RichTest.Forms\RichTest.Forms.csproj", "{E84B3E2A-80B6-4DF7-9577-42C02BFD3AAC}"
EndProject
Project("{FAE04EC0-301F-11D3-BF4B-00C04F79EFBC}") = "RPNWebsiteTools", "RPNWebsiteTools\RPNWebsiteTools.csproj", "{C93AA61E-90F2-4077-AB4C-4E16F98A4D4C}"
EndProject
Project("{FAE04EC0-301F-11D3-BF4B-00C04F79EFBC}") = "AppLauncher.WPF", "AppLauncher.WPF\AppLauncher.WPF.csproj", "{38B07C3A-19BE-4EDE-B9FD-A89122800D13}"
EndProject
Project("{262852C6-CD72-467D-83FE-5EEB1973A190}") = "NameTestJs.UWP", "NameTestJs.UWP\NameTestJs.UWP.jsproj", "{40F67690-7E98-48E5-BEBC-C11B718019F5}"
EndProject
Project("{262852C6-CD72-467D-83FE-5EEB1973A190}") = "MyLauncher", "MyLauncher\MyLauncher.jsproj", "{7BB3D0CC-1F0A-4BA0-A945-DE369F10044A}"
EndProject
Project("{262852C6-CD72-467D-83FE-5EEB1973A190}") = "Texer", "Texer\Texer.jsproj", "{412E63AB-C6E5-4638-912C-4CDB9DEED39A}"
EndProject
Project("{FAE04EC0-301F-11D3-BF4B-00C04F79EFBC}") = "Texer.UWP", "Texer.UWP\Texer.UWP.csproj", "{AD1B7A97-2A96-4A44-8A27-CA85B85FC2E7}"
EndProject
Project("{FAE04EC0-301F-11D3-BF4B-00C04F79EFBC}") = "TexerAndroid.Android", "TexerAndroid\TexerAndroid.Android\TexerAndroid.Android.csproj", "{A7A8B587-4036-4106-B192-76F831ADF900}"
EndProject
Project("{9A19103F-16F7-4668-BE54-9A1E7A4F7556}") = "TexerAndroid", "TexerAndroid\TexerAndroid\TexerAndroid.csproj", "{6EBBD678-A533-40B4-B5FC-67E7EAB0277F}"
EndProject
Project("{FAE04EC0-301F-11D3-BF4B-00C04F79EFBC}") = "AnTexer.Android", "AnTexer\AnTexer.Android\AnTexer.Android.csproj", "{5B138E34-A679-4FE5-97B6-7D7D60342256}"
EndProject
Project("{FAE04EC0-301F-11D3-BF4B-00C04F79EFBC}") = "AnTexer", "AnTexer\AnTexer\AnTexer.csproj", "{7F119C74-DFD8-457B-94E7-F42AF5A2D668}"
EndProject
Global
	GlobalSection(SolutionConfigurationPlatforms) = preSolution
		Debug|Any CPU = Debug|Any CPU
		Debug|ARM = Debug|ARM
		Debug|ARM64 = Debug|ARM64
		Debug|x64 = Debug|x64
		Debug|x86 = Debug|x86
		Release|Any CPU = Release|Any CPU
		Release|ARM = Release|ARM
		Release|ARM64 = Release|ARM64
		Release|x64 = Release|x64
		Release|x86 = Release|x86
	EndGlobalSection
	GlobalSection(ProjectConfigurationPlatforms) = postSolution
		{BDBCECDB-5A36-4643-9331-2DD7BE231A7C}.Debug|Any CPU.ActiveCfg = Debug|Any CPU
		{BDBCECDB-5A36-4643-9331-2DD7BE231A7C}.Debug|Any CPU.Build.0 = Debug|Any CPU
		{BDBCECDB-5A36-4643-9331-2DD7BE231A7C}.Debug|ARM.ActiveCfg = Debug|Any CPU
		{BDBCECDB-5A36-4643-9331-2DD7BE231A7C}.Debug|ARM.Build.0 = Debug|Any CPU
		{BDBCECDB-5A36-4643-9331-2DD7BE231A7C}.Debug|ARM64.ActiveCfg = Debug|Any CPU
		{BDBCECDB-5A36-4643-9331-2DD7BE231A7C}.Debug|ARM64.Build.0 = Debug|Any CPU
		{BDBCECDB-5A36-4643-9331-2DD7BE231A7C}.Debug|x64.ActiveCfg = Debug|Any CPU
		{BDBCECDB-5A36-4643-9331-2DD7BE231A7C}.Debug|x64.Build.0 = Debug|Any CPU
		{BDBCECDB-5A36-4643-9331-2DD7BE231A7C}.Debug|x86.ActiveCfg = Debug|Any CPU
		{BDBCECDB-5A36-4643-9331-2DD7BE231A7C}.Debug|x86.Build.0 = Debug|Any CPU
		{BDBCECDB-5A36-4643-9331-2DD7BE231A7C}.Release|Any CPU.ActiveCfg = Release|Any CPU
		{BDBCECDB-5A36-4643-9331-2DD7BE231A7C}.Release|Any CPU.Build.0 = Release|Any CPU
		{BDBCECDB-5A36-4643-9331-2DD7BE231A7C}.Release|ARM.ActiveCfg = Release|Any CPU
		{BDBCECDB-5A36-4643-9331-2DD7BE231A7C}.Release|ARM.Build.0 = Release|Any CPU
		{BDBCECDB-5A36-4643-9331-2DD7BE231A7C}.Release|ARM64.ActiveCfg = Release|Any CPU
		{BDBCECDB-5A36-4643-9331-2DD7BE231A7C}.Release|ARM64.Build.0 = Release|Any CPU
		{BDBCECDB-5A36-4643-9331-2DD7BE231A7C}.Release|x64.ActiveCfg = Release|Any CPU
		{BDBCECDB-5A36-4643-9331-2DD7BE231A7C}.Release|x64.Build.0 = Release|Any CPU
		{BDBCECDB-5A36-4643-9331-2DD7BE231A7C}.Release|x86.ActiveCfg = Release|Any CPU
		{BDBCECDB-5A36-4643-9331-2DD7BE231A7C}.Release|x86.Build.0 = Release|Any CPU
		{F2C5A331-7A20-4557-8A16-467859824FA3}.Debug|Any CPU.ActiveCfg = Debug|Any CPU
		{F2C5A331-7A20-4557-8A16-467859824FA3}.Debug|Any CPU.Build.0 = Debug|Any CPU
		{F2C5A331-7A20-4557-8A16-467859824FA3}.Debug|ARM.ActiveCfg = Debug|Any CPU
		{F2C5A331-7A20-4557-8A16-467859824FA3}.Debug|ARM.Build.0 = Debug|Any CPU
		{F2C5A331-7A20-4557-8A16-467859824FA3}.Debug|ARM64.ActiveCfg = Debug|Any CPU
		{F2C5A331-7A20-4557-8A16-467859824FA3}.Debug|ARM64.Build.0 = Debug|Any CPU
		{F2C5A331-7A20-4557-8A16-467859824FA3}.Debug|x64.ActiveCfg = Debug|Any CPU
		{F2C5A331-7A20-4557-8A16-467859824FA3}.Debug|x64.Build.0 = Debug|Any CPU
		{F2C5A331-7A20-4557-8A16-467859824FA3}.Debug|x86.ActiveCfg = Debug|Any CPU
		{F2C5A331-7A20-4557-8A16-467859824FA3}.Debug|x86.Build.0 = Debug|Any CPU
		{F2C5A331-7A20-4557-8A16-467859824FA3}.Release|Any CPU.ActiveCfg = Release|Any CPU
		{F2C5A331-7A20-4557-8A16-467859824FA3}.Release|Any CPU.Build.0 = Release|Any CPU
		{F2C5A331-7A20-4557-8A16-467859824FA3}.Release|ARM.ActiveCfg = Release|Any CPU
		{F2C5A331-7A20-4557-8A16-467859824FA3}.Release|ARM.Build.0 = Release|Any CPU
		{F2C5A331-7A20-4557-8A16-467859824FA3}.Release|ARM64.ActiveCfg = Release|Any CPU
		{F2C5A331-7A20-4557-8A16-467859824FA3}.Release|ARM64.Build.0 = Release|Any CPU
		{F2C5A331-7A20-4557-8A16-467859824FA3}.Release|x64.ActiveCfg = Release|Any CPU
		{F2C5A331-7A20-4557-8A16-467859824FA3}.Release|x64.Build.0 = Release|Any CPU
		{F2C5A331-7A20-4557-8A16-467859824FA3}.Release|x86.ActiveCfg = Release|Any CPU
		{F2C5A331-7A20-4557-8A16-467859824FA3}.Release|x86.Build.0 = Release|Any CPU
		{861270B2-F279-4F17-A18C-326F1516698C}.Debug|Any CPU.ActiveCfg = Debug|Any CPU
		{861270B2-F279-4F17-A18C-326F1516698C}.Debug|Any CPU.Build.0 = Debug|Any CPU
		{861270B2-F279-4F17-A18C-326F1516698C}.Debug|ARM.ActiveCfg = Debug|Any CPU
		{861270B2-F279-4F17-A18C-326F1516698C}.Debug|ARM.Build.0 = Debug|Any CPU
		{861270B2-F279-4F17-A18C-326F1516698C}.Debug|ARM64.ActiveCfg = Debug|Any CPU
		{861270B2-F279-4F17-A18C-326F1516698C}.Debug|ARM64.Build.0 = Debug|Any CPU
		{861270B2-F279-4F17-A18C-326F1516698C}.Debug|x64.ActiveCfg = Debug|Any CPU
		{861270B2-F279-4F17-A18C-326F1516698C}.Debug|x64.Build.0 = Debug|Any CPU
		{861270B2-F279-4F17-A18C-326F1516698C}.Debug|x86.ActiveCfg = Debug|Any CPU
		{861270B2-F279-4F17-A18C-326F1516698C}.Debug|x86.Build.0 = Debug|Any CPU
		{861270B2-F279-4F17-A18C-326F1516698C}.Release|Any CPU.ActiveCfg = Release|Any CPU
		{861270B2-F279-4F17-A18C-326F1516698C}.Release|Any CPU.Build.0 = Release|Any CPU
		{861270B2-F279-4F17-A18C-326F1516698C}.Release|ARM.ActiveCfg = Release|Any CPU
		{861270B2-F279-4F17-A18C-326F1516698C}.Release|ARM.Build.0 = Release|Any CPU
		{861270B2-F279-4F17-A18C-326F1516698C}.Release|ARM64.ActiveCfg = Release|Any CPU
		{861270B2-F279-4F17-A18C-326F1516698C}.Release|ARM64.Build.0 = Release|Any CPU
		{861270B2-F279-4F17-A18C-326F1516698C}.Release|x64.ActiveCfg = Release|Any CPU
		{861270B2-F279-4F17-A18C-326F1516698C}.Release|x64.Build.0 = Release|Any CPU
		{861270B2-F279-4F17-A18C-326F1516698C}.Release|x86.ActiveCfg = Release|Any CPU
		{861270B2-F279-4F17-A18C-326F1516698C}.Release|x86.Build.0 = Release|Any CPU
		{E243209E-13C1-45AB-9E52-FD3FBBA802A0}.Debug|Any CPU.ActiveCfg = Debug|Any CPU
		{E243209E-13C1-45AB-9E52-FD3FBBA802A0}.Debug|Any CPU.Build.0 = Debug|Any CPU
		{E243209E-13C1-45AB-9E52-FD3FBBA802A0}.Debug|ARM.ActiveCfg = Debug|Any CPU
		{E243209E-13C1-45AB-9E52-FD3FBBA802A0}.Debug|ARM.Build.0 = Debug|Any CPU
		{E243209E-13C1-45AB-9E52-FD3FBBA802A0}.Debug|ARM64.ActiveCfg = Debug|Any CPU
		{E243209E-13C1-45AB-9E52-FD3FBBA802A0}.Debug|ARM64.Build.0 = Debug|Any CPU
		{E243209E-13C1-45AB-9E52-FD3FBBA802A0}.Debug|x64.ActiveCfg = Debug|Any CPU
		{E243209E-13C1-45AB-9E52-FD3FBBA802A0}.Debug|x64.Build.0 = Debug|Any CPU
		{E243209E-13C1-45AB-9E52-FD3FBBA802A0}.Debug|x86.ActiveCfg = Debug|Any CPU
		{E243209E-13C1-45AB-9E52-FD3FBBA802A0}.Debug|x86.Build.0 = Debug|Any CPU
		{E243209E-13C1-45AB-9E52-FD3FBBA802A0}.Release|Any CPU.ActiveCfg = Release|Any CPU
		{E243209E-13C1-45AB-9E52-FD3FBBA802A0}.Release|Any CPU.Build.0 = Release|Any CPU
		{E243209E-13C1-45AB-9E52-FD3FBBA802A0}.Release|ARM.ActiveCfg = Release|Any CPU
		{E243209E-13C1-45AB-9E52-FD3FBBA802A0}.Release|ARM.Build.0 = Release|Any CPU
		{E243209E-13C1-45AB-9E52-FD3FBBA802A0}.Release|ARM64.ActiveCfg = Release|Any CPU
		{E243209E-13C1-45AB-9E52-FD3FBBA802A0}.Release|ARM64.Build.0 = Release|Any CPU
		{E243209E-13C1-45AB-9E52-FD3FBBA802A0}.Release|x64.ActiveCfg = Release|Any CPU
		{E243209E-13C1-45AB-9E52-FD3FBBA802A0}.Release|x64.Build.0 = Release|Any CPU
		{E243209E-13C1-45AB-9E52-FD3FBBA802A0}.Release|x86.ActiveCfg = Release|Any CPU
		{E243209E-13C1-45AB-9E52-FD3FBBA802A0}.Release|x86.Build.0 = Release|Any CPU
		{B8805890-EE49-4B75-B08D-EA6A0731C3C8}.Debug|Any CPU.ActiveCfg = Debug|Any CPU
		{B8805890-EE49-4B75-B08D-EA6A0731C3C8}.Debug|Any CPU.Build.0 = Debug|Any CPU
		{B8805890-EE49-4B75-B08D-EA6A0731C3C8}.Debug|ARM.ActiveCfg = Debug|Any CPU
		{B8805890-EE49-4B75-B08D-EA6A0731C3C8}.Debug|ARM.Build.0 = Debug|Any CPU
		{B8805890-EE49-4B75-B08D-EA6A0731C3C8}.Debug|ARM64.ActiveCfg = Debug|Any CPU
		{B8805890-EE49-4B75-B08D-EA6A0731C3C8}.Debug|ARM64.Build.0 = Debug|Any CPU
		{B8805890-EE49-4B75-B08D-EA6A0731C3C8}.Debug|x64.ActiveCfg = Debug|Any CPU
		{B8805890-EE49-4B75-B08D-EA6A0731C3C8}.Debug|x64.Build.0 = Debug|Any CPU
		{B8805890-EE49-4B75-B08D-EA6A0731C3C8}.Debug|x86.ActiveCfg = Debug|Any CPU
		{B8805890-EE49-4B75-B08D-EA6A0731C3C8}.Debug|x86.Build.0 = Debug|Any CPU
		{B8805890-EE49-4B75-B08D-EA6A0731C3C8}.Release|Any CPU.ActiveCfg = Release|Any CPU
		{B8805890-EE49-4B75-B08D-EA6A0731C3C8}.Release|Any CPU.Build.0 = Release|Any CPU
		{B8805890-EE49-4B75-B08D-EA6A0731C3C8}.Release|ARM.ActiveCfg = Release|Any CPU
		{B8805890-EE49-4B75-B08D-EA6A0731C3C8}.Release|ARM.Build.0 = Release|Any CPU
		{B8805890-EE49-4B75-B08D-EA6A0731C3C8}.Release|ARM64.ActiveCfg = Release|Any CPU
		{B8805890-EE49-4B75-B08D-EA6A0731C3C8}.Release|ARM64.Build.0 = Release|Any CPU
		{B8805890-EE49-4B75-B08D-EA6A0731C3C8}.Release|x64.ActiveCfg = Release|Any CPU
		{B8805890-EE49-4B75-B08D-EA6A0731C3C8}.Release|x64.Build.0 = Release|Any CPU
		{B8805890-EE49-4B75-B08D-EA6A0731C3C8}.Release|x86.ActiveCfg = Release|Any CPU
		{B8805890-EE49-4B75-B08D-EA6A0731C3C8}.Release|x86.Build.0 = Release|Any CPU
		{EB63F81F-2A57-4533-9E81-BB584A1FDC76}.Debug|Any CPU.ActiveCfg = Debug|Any CPU
		{EB63F81F-2A57-4533-9E81-BB584A1FDC76}.Debug|Any CPU.Build.0 = Debug|Any CPU
		{EB63F81F-2A57-4533-9E81-BB584A1FDC76}.Debug|ARM.ActiveCfg = Debug|Any CPU
		{EB63F81F-2A57-4533-9E81-BB584A1FDC76}.Debug|ARM.Build.0 = Debug|Any CPU
		{EB63F81F-2A57-4533-9E81-BB584A1FDC76}.Debug|ARM64.ActiveCfg = Debug|Any CPU
		{EB63F81F-2A57-4533-9E81-BB584A1FDC76}.Debug|ARM64.Build.0 = Debug|Any CPU
		{EB63F81F-2A57-4533-9E81-BB584A1FDC76}.Debug|x64.ActiveCfg = Debug|Any CPU
		{EB63F81F-2A57-4533-9E81-BB584A1FDC76}.Debug|x64.Build.0 = Debug|Any CPU
		{EB63F81F-2A57-4533-9E81-BB584A1FDC76}.Debug|x86.ActiveCfg = Debug|Any CPU
		{EB63F81F-2A57-4533-9E81-BB584A1FDC76}.Debug|x86.Build.0 = Debug|Any CPU
		{EB63F81F-2A57-4533-9E81-BB584A1FDC76}.Release|Any CPU.ActiveCfg = Release|Any CPU
		{EB63F81F-2A57-4533-9E81-BB584A1FDC76}.Release|Any CPU.Build.0 = Release|Any CPU
		{EB63F81F-2A57-4533-9E81-BB584A1FDC76}.Release|ARM.ActiveCfg = Release|Any CPU
		{EB63F81F-2A57-4533-9E81-BB584A1FDC76}.Release|ARM.Build.0 = Release|Any CPU
		{EB63F81F-2A57-4533-9E81-BB584A1FDC76}.Release|ARM64.ActiveCfg = Release|Any CPU
		{EB63F81F-2A57-4533-9E81-BB584A1FDC76}.Release|ARM64.Build.0 = Release|Any CPU
		{EB63F81F-2A57-4533-9E81-BB584A1FDC76}.Release|x64.ActiveCfg = Release|Any CPU
		{EB63F81F-2A57-4533-9E81-BB584A1FDC76}.Release|x64.Build.0 = Release|Any CPU
		{EB63F81F-2A57-4533-9E81-BB584A1FDC76}.Release|x86.ActiveCfg = Release|Any CPU
		{EB63F81F-2A57-4533-9E81-BB584A1FDC76}.Release|x86.Build.0 = Release|Any CPU
		{375C030A-84BD-444B-9BD3-FFCC11BC01B9}.Debug|Any CPU.ActiveCfg = Debug|Any CPU
		{375C030A-84BD-444B-9BD3-FFCC11BC01B9}.Debug|Any CPU.Build.0 = Debug|Any CPU
		{375C030A-84BD-444B-9BD3-FFCC11BC01B9}.Debug|ARM.ActiveCfg = Debug|Any CPU
		{375C030A-84BD-444B-9BD3-FFCC11BC01B9}.Debug|ARM.Build.0 = Debug|Any CPU
		{375C030A-84BD-444B-9BD3-FFCC11BC01B9}.Debug|ARM64.ActiveCfg = Debug|Any CPU
		{375C030A-84BD-444B-9BD3-FFCC11BC01B9}.Debug|ARM64.Build.0 = Debug|Any CPU
		{375C030A-84BD-444B-9BD3-FFCC11BC01B9}.Debug|x64.ActiveCfg = Debug|Any CPU
		{375C030A-84BD-444B-9BD3-FFCC11BC01B9}.Debug|x64.Build.0 = Debug|Any CPU
		{375C030A-84BD-444B-9BD3-FFCC11BC01B9}.Debug|x86.ActiveCfg = Debug|Any CPU
		{375C030A-84BD-444B-9BD3-FFCC11BC01B9}.Debug|x86.Build.0 = Debug|Any CPU
		{375C030A-84BD-444B-9BD3-FFCC11BC01B9}.Release|Any CPU.ActiveCfg = Release|Any CPU
		{375C030A-84BD-444B-9BD3-FFCC11BC01B9}.Release|Any CPU.Build.0 = Release|Any CPU
		{375C030A-84BD-444B-9BD3-FFCC11BC01B9}.Release|ARM.ActiveCfg = Release|Any CPU
		{375C030A-84BD-444B-9BD3-FFCC11BC01B9}.Release|ARM.Build.0 = Release|Any CPU
		{375C030A-84BD-444B-9BD3-FFCC11BC01B9}.Release|ARM64.ActiveCfg = Release|Any CPU
		{375C030A-84BD-444B-9BD3-FFCC11BC01B9}.Release|ARM64.Build.0 = Release|Any CPU
		{375C030A-84BD-444B-9BD3-FFCC11BC01B9}.Release|x64.ActiveCfg = Release|Any CPU
		{375C030A-84BD-444B-9BD3-FFCC11BC01B9}.Release|x64.Build.0 = Release|Any CPU
		{375C030A-84BD-444B-9BD3-FFCC11BC01B9}.Release|x86.ActiveCfg = Release|Any CPU
		{375C030A-84BD-444B-9BD3-FFCC11BC01B9}.Release|x86.Build.0 = Release|Any CPU
		{BF21F832-642C-45A7-BA06-818CBD48B5B0}.Debug|Any CPU.ActiveCfg = Debug|x86
		{BF21F832-642C-45A7-BA06-818CBD48B5B0}.Debug|ARM.ActiveCfg = Debug|ARM
		{BF21F832-642C-45A7-BA06-818CBD48B5B0}.Debug|ARM.Build.0 = Debug|ARM
		{BF21F832-642C-45A7-BA06-818CBD48B5B0}.Debug|ARM.Deploy.0 = Debug|ARM
		{BF21F832-642C-45A7-BA06-818CBD48B5B0}.Debug|ARM64.ActiveCfg = Debug|x86
		{BF21F832-642C-45A7-BA06-818CBD48B5B0}.Debug|x64.ActiveCfg = Debug|x64
		{BF21F832-642C-45A7-BA06-818CBD48B5B0}.Debug|x64.Build.0 = Debug|x64
		{BF21F832-642C-45A7-BA06-818CBD48B5B0}.Debug|x64.Deploy.0 = Debug|x64
		{BF21F832-642C-45A7-BA06-818CBD48B5B0}.Debug|x86.ActiveCfg = Debug|x86
		{BF21F832-642C-45A7-BA06-818CBD48B5B0}.Debug|x86.Build.0 = Debug|x86
		{BF21F832-642C-45A7-BA06-818CBD48B5B0}.Debug|x86.Deploy.0 = Debug|x86
		{BF21F832-642C-45A7-BA06-818CBD48B5B0}.Release|Any CPU.ActiveCfg = Release|x86
		{BF21F832-642C-45A7-BA06-818CBD48B5B0}.Release|ARM.ActiveCfg = Release|ARM
		{BF21F832-642C-45A7-BA06-818CBD48B5B0}.Release|ARM.Build.0 = Release|ARM
		{BF21F832-642C-45A7-BA06-818CBD48B5B0}.Release|ARM.Deploy.0 = Release|ARM
		{BF21F832-642C-45A7-BA06-818CBD48B5B0}.Release|ARM64.ActiveCfg = Release|x86
		{BF21F832-642C-45A7-BA06-818CBD48B5B0}.Release|x64.ActiveCfg = Release|x64
		{BF21F832-642C-45A7-BA06-818CBD48B5B0}.Release|x64.Build.0 = Release|x64
		{BF21F832-642C-45A7-BA06-818CBD48B5B0}.Release|x64.Deploy.0 = Release|x64
		{BF21F832-642C-45A7-BA06-818CBD48B5B0}.Release|x86.ActiveCfg = Release|x86
		{BF21F832-642C-45A7-BA06-818CBD48B5B0}.Release|x86.Build.0 = Release|x86
		{BF21F832-642C-45A7-BA06-818CBD48B5B0}.Release|x86.Deploy.0 = Release|x86
		{E84B3E2A-80B6-4DF7-9577-42C02BFD3AAC}.Debug|Any CPU.ActiveCfg = Debug|Any CPU
		{E84B3E2A-80B6-4DF7-9577-42C02BFD3AAC}.Debug|Any CPU.Build.0 = Debug|Any CPU
		{E84B3E2A-80B6-4DF7-9577-42C02BFD3AAC}.Debug|ARM.ActiveCfg = Debug|Any CPU
		{E84B3E2A-80B6-4DF7-9577-42C02BFD3AAC}.Debug|ARM.Build.0 = Debug|Any CPU
		{E84B3E2A-80B6-4DF7-9577-42C02BFD3AAC}.Debug|ARM64.ActiveCfg = Debug|Any CPU
		{E84B3E2A-80B6-4DF7-9577-42C02BFD3AAC}.Debug|ARM64.Build.0 = Debug|Any CPU
		{E84B3E2A-80B6-4DF7-9577-42C02BFD3AAC}.Debug|x64.ActiveCfg = Debug|Any CPU
		{E84B3E2A-80B6-4DF7-9577-42C02BFD3AAC}.Debug|x64.Build.0 = Debug|Any CPU
		{E84B3E2A-80B6-4DF7-9577-42C02BFD3AAC}.Debug|x86.ActiveCfg = Debug|Any CPU
		{E84B3E2A-80B6-4DF7-9577-42C02BFD3AAC}.Debug|x86.Build.0 = Debug|Any CPU
		{E84B3E2A-80B6-4DF7-9577-42C02BFD3AAC}.Release|Any CPU.ActiveCfg = Release|Any CPU
		{E84B3E2A-80B6-4DF7-9577-42C02BFD3AAC}.Release|Any CPU.Build.0 = Release|Any CPU
		{E84B3E2A-80B6-4DF7-9577-42C02BFD3AAC}.Release|ARM.ActiveCfg = Release|Any CPU
		{E84B3E2A-80B6-4DF7-9577-42C02BFD3AAC}.Release|ARM.Build.0 = Release|Any CPU
		{E84B3E2A-80B6-4DF7-9577-42C02BFD3AAC}.Release|ARM64.ActiveCfg = Release|Any CPU
		{E84B3E2A-80B6-4DF7-9577-42C02BFD3AAC}.Release|ARM64.Build.0 = Release|Any CPU
		{E84B3E2A-80B6-4DF7-9577-42C02BFD3AAC}.Release|x64.ActiveCfg = Release|Any CPU
		{E84B3E2A-80B6-4DF7-9577-42C02BFD3AAC}.Release|x64.Build.0 = Release|Any CPU
		{E84B3E2A-80B6-4DF7-9577-42C02BFD3AAC}.Release|x86.ActiveCfg = Release|Any CPU
		{E84B3E2A-80B6-4DF7-9577-42C02BFD3AAC}.Release|x86.Build.0 = Release|Any CPU
		{C93AA61E-90F2-4077-AB4C-4E16F98A4D4C}.Debug|Any CPU.ActiveCfg = Debug|Any CPU
		{C93AA61E-90F2-4077-AB4C-4E16F98A4D4C}.Debug|Any CPU.Build.0 = Debug|Any CPU
		{C93AA61E-90F2-4077-AB4C-4E16F98A4D4C}.Debug|ARM.ActiveCfg = Debug|Any CPU
		{C93AA61E-90F2-4077-AB4C-4E16F98A4D4C}.Debug|ARM.Build.0 = Debug|Any CPU
		{C93AA61E-90F2-4077-AB4C-4E16F98A4D4C}.Debug|ARM64.ActiveCfg = Debug|Any CPU
		{C93AA61E-90F2-4077-AB4C-4E16F98A4D4C}.Debug|ARM64.Build.0 = Debug|Any CPU
		{C93AA61E-90F2-4077-AB4C-4E16F98A4D4C}.Debug|x64.ActiveCfg = Debug|Any CPU
		{C93AA61E-90F2-4077-AB4C-4E16F98A4D4C}.Debug|x64.Build.0 = Debug|Any CPU
		{C93AA61E-90F2-4077-AB4C-4E16F98A4D4C}.Debug|x86.ActiveCfg = Debug|Any CPU
		{C93AA61E-90F2-4077-AB4C-4E16F98A4D4C}.Debug|x86.Build.0 = Debug|Any CPU
		{C93AA61E-90F2-4077-AB4C-4E16F98A4D4C}.Release|Any CPU.ActiveCfg = Release|Any CPU
		{C93AA61E-90F2-4077-AB4C-4E16F98A4D4C}.Release|Any CPU.Build.0 = Release|Any CPU
		{C93AA61E-90F2-4077-AB4C-4E16F98A4D4C}.Release|ARM.ActiveCfg = Release|Any CPU
		{C93AA61E-90F2-4077-AB4C-4E16F98A4D4C}.Release|ARM.Build.0 = Release|Any CPU
		{C93AA61E-90F2-4077-AB4C-4E16F98A4D4C}.Release|ARM64.ActiveCfg = Release|Any CPU
		{C93AA61E-90F2-4077-AB4C-4E16F98A4D4C}.Release|ARM64.Build.0 = Release|Any CPU
		{C93AA61E-90F2-4077-AB4C-4E16F98A4D4C}.Release|x64.ActiveCfg = Release|Any CPU
		{C93AA61E-90F2-4077-AB4C-4E16F98A4D4C}.Release|x64.Build.0 = Release|Any CPU
		{C93AA61E-90F2-4077-AB4C-4E16F98A4D4C}.Release|x86.ActiveCfg = Release|Any CPU
		{C93AA61E-90F2-4077-AB4C-4E16F98A4D4C}.Release|x86.Build.0 = Release|Any CPU
		{38B07C3A-19BE-4EDE-B9FD-A89122800D13}.Debug|Any CPU.ActiveCfg = Debug|Any CPU
		{38B07C3A-19BE-4EDE-B9FD-A89122800D13}.Debug|Any CPU.Build.0 = Debug|Any CPU
		{38B07C3A-19BE-4EDE-B9FD-A89122800D13}.Debug|ARM.ActiveCfg = Debug|Any CPU
		{38B07C3A-19BE-4EDE-B9FD-A89122800D13}.Debug|ARM.Build.0 = Debug|Any CPU
		{38B07C3A-19BE-4EDE-B9FD-A89122800D13}.Debug|ARM64.ActiveCfg = Debug|Any CPU
		{38B07C3A-19BE-4EDE-B9FD-A89122800D13}.Debug|ARM64.Build.0 = Debug|Any CPU
		{38B07C3A-19BE-4EDE-B9FD-A89122800D13}.Debug|x64.ActiveCfg = Debug|Any CPU
		{38B07C3A-19BE-4EDE-B9FD-A89122800D13}.Debug|x64.Build.0 = Debug|Any CPU
		{38B07C3A-19BE-4EDE-B9FD-A89122800D13}.Debug|x86.ActiveCfg = Debug|Any CPU
		{38B07C3A-19BE-4EDE-B9FD-A89122800D13}.Debug|x86.Build.0 = Debug|Any CPU
		{38B07C3A-19BE-4EDE-B9FD-A89122800D13}.Release|Any CPU.ActiveCfg = Release|Any CPU
		{38B07C3A-19BE-4EDE-B9FD-A89122800D13}.Release|Any CPU.Build.0 = Release|Any CPU
		{38B07C3A-19BE-4EDE-B9FD-A89122800D13}.Release|ARM.ActiveCfg = Release|Any CPU
		{38B07C3A-19BE-4EDE-B9FD-A89122800D13}.Release|ARM.Build.0 = Release|Any CPU
		{38B07C3A-19BE-4EDE-B9FD-A89122800D13}.Release|ARM64.ActiveCfg = Release|Any CPU
		{38B07C3A-19BE-4EDE-B9FD-A89122800D13}.Release|ARM64.Build.0 = Release|Any CPU
		{38B07C3A-19BE-4EDE-B9FD-A89122800D13}.Release|x64.ActiveCfg = Release|Any CPU
		{38B07C3A-19BE-4EDE-B9FD-A89122800D13}.Release|x64.Build.0 = Release|Any CPU
		{38B07C3A-19BE-4EDE-B9FD-A89122800D13}.Release|x86.ActiveCfg = Release|Any CPU
		{38B07C3A-19BE-4EDE-B9FD-A89122800D13}.Release|x86.Build.0 = Release|Any CPU
		{40F67690-7E98-48E5-BEBC-C11B718019F5}.Debug|Any CPU.ActiveCfg = Debug|Any CPU
		{40F67690-7E98-48E5-BEBC-C11B718019F5}.Debug|Any CPU.Build.0 = Debug|Any CPU
		{40F67690-7E98-48E5-BEBC-C11B718019F5}.Debug|Any CPU.Deploy.0 = Debug|Any CPU
		{40F67690-7E98-48E5-BEBC-C11B718019F5}.Debug|ARM.ActiveCfg = Debug|ARM
		{40F67690-7E98-48E5-BEBC-C11B718019F5}.Debug|ARM.Build.0 = Debug|ARM
		{40F67690-7E98-48E5-BEBC-C11B718019F5}.Debug|ARM.Deploy.0 = Debug|ARM
		{40F67690-7E98-48E5-BEBC-C11B718019F5}.Debug|ARM64.ActiveCfg = Debug|ARM64
		{40F67690-7E98-48E5-BEBC-C11B718019F5}.Debug|ARM64.Build.0 = Debug|ARM64
		{40F67690-7E98-48E5-BEBC-C11B718019F5}.Debug|ARM64.Deploy.0 = Debug|ARM64
		{40F67690-7E98-48E5-BEBC-C11B718019F5}.Debug|x64.ActiveCfg = Debug|x64
		{40F67690-7E98-48E5-BEBC-C11B718019F5}.Debug|x64.Build.0 = Debug|x64
		{40F67690-7E98-48E5-BEBC-C11B718019F5}.Debug|x64.Deploy.0 = Debug|x64
		{40F67690-7E98-48E5-BEBC-C11B718019F5}.Debug|x86.ActiveCfg = Debug|x86
		{40F67690-7E98-48E5-BEBC-C11B718019F5}.Debug|x86.Build.0 = Debug|x86
		{40F67690-7E98-48E5-BEBC-C11B718019F5}.Debug|x86.Deploy.0 = Debug|x86
		{40F67690-7E98-48E5-BEBC-C11B718019F5}.Release|Any CPU.ActiveCfg = Release|Any CPU
		{40F67690-7E98-48E5-BEBC-C11B718019F5}.Release|Any CPU.Build.0 = Release|Any CPU
		{40F67690-7E98-48E5-BEBC-C11B718019F5}.Release|Any CPU.Deploy.0 = Release|Any CPU
		{40F67690-7E98-48E5-BEBC-C11B718019F5}.Release|ARM.ActiveCfg = Release|ARM
		{40F67690-7E98-48E5-BEBC-C11B718019F5}.Release|ARM.Build.0 = Release|ARM
		{40F67690-7E98-48E5-BEBC-C11B718019F5}.Release|ARM.Deploy.0 = Release|ARM
		{40F67690-7E98-48E5-BEBC-C11B718019F5}.Release|ARM64.ActiveCfg = Release|ARM64
		{40F67690-7E98-48E5-BEBC-C11B718019F5}.Release|ARM64.Build.0 = Release|ARM64
		{40F67690-7E98-48E5-BEBC-C11B718019F5}.Release|ARM64.Deploy.0 = Release|ARM64
		{40F67690-7E98-48E5-BEBC-C11B718019F5}.Release|x64.ActiveCfg = Release|x64
		{40F67690-7E98-48E5-BEBC-C11B718019F5}.Release|x64.Build.0 = Release|x64
		{40F67690-7E98-48E5-BEBC-C11B718019F5}.Release|x64.Deploy.0 = Release|x64
		{40F67690-7E98-48E5-BEBC-C11B718019F5}.Release|x86.ActiveCfg = Release|x86
		{40F67690-7E98-48E5-BEBC-C11B718019F5}.Release|x86.Build.0 = Release|x86
		{40F67690-7E98-48E5-BEBC-C11B718019F5}.Release|x86.Deploy.0 = Release|x86
		{7BB3D0CC-1F0A-4BA0-A945-DE369F10044A}.Debug|Any CPU.ActiveCfg = Debug|Any CPU
		{7BB3D0CC-1F0A-4BA0-A945-DE369F10044A}.Debug|Any CPU.Build.0 = Debug|Any CPU
		{7BB3D0CC-1F0A-4BA0-A945-DE369F10044A}.Debug|Any CPU.Deploy.0 = Debug|Any CPU
		{7BB3D0CC-1F0A-4BA0-A945-DE369F10044A}.Debug|ARM.ActiveCfg = Debug|ARM
		{7BB3D0CC-1F0A-4BA0-A945-DE369F10044A}.Debug|ARM.Build.0 = Debug|ARM
		{7BB3D0CC-1F0A-4BA0-A945-DE369F10044A}.Debug|ARM.Deploy.0 = Debug|ARM
		{7BB3D0CC-1F0A-4BA0-A945-DE369F10044A}.Debug|ARM64.ActiveCfg = Debug|ARM64
		{7BB3D0CC-1F0A-4BA0-A945-DE369F10044A}.Debug|ARM64.Build.0 = Debug|ARM64
		{7BB3D0CC-1F0A-4BA0-A945-DE369F10044A}.Debug|ARM64.Deploy.0 = Debug|ARM64
		{7BB3D0CC-1F0A-4BA0-A945-DE369F10044A}.Debug|x64.ActiveCfg = Debug|x64
		{7BB3D0CC-1F0A-4BA0-A945-DE369F10044A}.Debug|x64.Build.0 = Debug|x64
		{7BB3D0CC-1F0A-4BA0-A945-DE369F10044A}.Debug|x64.Deploy.0 = Debug|x64
		{7BB3D0CC-1F0A-4BA0-A945-DE369F10044A}.Debug|x86.ActiveCfg = Debug|x86
		{7BB3D0CC-1F0A-4BA0-A945-DE369F10044A}.Debug|x86.Build.0 = Debug|x86
		{7BB3D0CC-1F0A-4BA0-A945-DE369F10044A}.Debug|x86.Deploy.0 = Debug|x86
		{7BB3D0CC-1F0A-4BA0-A945-DE369F10044A}.Release|Any CPU.ActiveCfg = Release|Any CPU
		{7BB3D0CC-1F0A-4BA0-A945-DE369F10044A}.Release|Any CPU.Build.0 = Release|Any CPU
		{7BB3D0CC-1F0A-4BA0-A945-DE369F10044A}.Release|Any CPU.Deploy.0 = Release|Any CPU
		{7BB3D0CC-1F0A-4BA0-A945-DE369F10044A}.Release|ARM.ActiveCfg = Release|ARM
		{7BB3D0CC-1F0A-4BA0-A945-DE369F10044A}.Release|ARM.Build.0 = Release|ARM
		{7BB3D0CC-1F0A-4BA0-A945-DE369F10044A}.Release|ARM.Deploy.0 = Release|ARM
		{7BB3D0CC-1F0A-4BA0-A945-DE369F10044A}.Release|ARM64.ActiveCfg = Release|ARM64
		{7BB3D0CC-1F0A-4BA0-A945-DE369F10044A}.Release|ARM64.Build.0 = Release|ARM64
		{7BB3D0CC-1F0A-4BA0-A945-DE369F10044A}.Release|ARM64.Deploy.0 = Release|ARM64
		{7BB3D0CC-1F0A-4BA0-A945-DE369F10044A}.Release|x64.ActiveCfg = Release|x64
		{7BB3D0CC-1F0A-4BA0-A945-DE369F10044A}.Release|x64.Build.0 = Release|x64
		{7BB3D0CC-1F0A-4BA0-A945-DE369F10044A}.Release|x64.Deploy.0 = Release|x64
		{7BB3D0CC-1F0A-4BA0-A945-DE369F10044A}.Release|x86.ActiveCfg = Release|x86
		{7BB3D0CC-1F0A-4BA0-A945-DE369F10044A}.Release|x86.Build.0 = Release|x86
		{7BB3D0CC-1F0A-4BA0-A945-DE369F10044A}.Release|x86.Deploy.0 = Release|x86
		{412E63AB-C6E5-4638-912C-4CDB9DEED39A}.Debug|Any CPU.ActiveCfg = Debug|Any CPU
		{412E63AB-C6E5-4638-912C-4CDB9DEED39A}.Debug|Any CPU.Build.0 = Debug|Any CPU
		{412E63AB-C6E5-4638-912C-4CDB9DEED39A}.Debug|Any CPU.Deploy.0 = Debug|Any CPU
		{412E63AB-C6E5-4638-912C-4CDB9DEED39A}.Debug|ARM.ActiveCfg = Debug|ARM
		{412E63AB-C6E5-4638-912C-4CDB9DEED39A}.Debug|ARM.Build.0 = Debug|ARM
		{412E63AB-C6E5-4638-912C-4CDB9DEED39A}.Debug|ARM.Deploy.0 = Debug|ARM
		{412E63AB-C6E5-4638-912C-4CDB9DEED39A}.Debug|ARM64.ActiveCfg = Debug|ARM64
		{412E63AB-C6E5-4638-912C-4CDB9DEED39A}.Debug|ARM64.Build.0 = Debug|ARM64
		{412E63AB-C6E5-4638-912C-4CDB9DEED39A}.Debug|ARM64.Deploy.0 = Debug|ARM64
		{412E63AB-C6E5-4638-912C-4CDB9DEED39A}.Debug|x64.ActiveCfg = Debug|x64
		{412E63AB-C6E5-4638-912C-4CDB9DEED39A}.Debug|x64.Build.0 = Debug|x64
		{412E63AB-C6E5-4638-912C-4CDB9DEED39A}.Debug|x64.Deploy.0 = Debug|x64
		{412E63AB-C6E5-4638-912C-4CDB9DEED39A}.Debug|x86.ActiveCfg = Debug|x86
		{412E63AB-C6E5-4638-912C-4CDB9DEED39A}.Debug|x86.Build.0 = Debug|x86
		{412E63AB-C6E5-4638-912C-4CDB9DEED39A}.Debug|x86.Deploy.0 = Debug|x86
		{412E63AB-C6E5-4638-912C-4CDB9DEED39A}.Release|Any CPU.ActiveCfg = Release|Any CPU
		{412E63AB-C6E5-4638-912C-4CDB9DEED39A}.Release|Any CPU.Build.0 = Release|Any CPU
		{412E63AB-C6E5-4638-912C-4CDB9DEED39A}.Release|Any CPU.Deploy.0 = Release|Any CPU
		{412E63AB-C6E5-4638-912C-4CDB9DEED39A}.Release|ARM.ActiveCfg = Release|ARM
		{412E63AB-C6E5-4638-912C-4CDB9DEED39A}.Release|ARM.Build.0 = Release|ARM
		{412E63AB-C6E5-4638-912C-4CDB9DEED39A}.Release|ARM.Deploy.0 = Release|ARM
		{412E63AB-C6E5-4638-912C-4CDB9DEED39A}.Release|ARM64.ActiveCfg = Release|ARM64
		{412E63AB-C6E5-4638-912C-4CDB9DEED39A}.Release|ARM64.Build.0 = Release|ARM64
		{412E63AB-C6E5-4638-912C-4CDB9DEED39A}.Release|ARM64.Deploy.0 = Release|ARM64
		{412E63AB-C6E5-4638-912C-4CDB9DEED39A}.Release|x64.ActiveCfg = Release|x64
		{412E63AB-C6E5-4638-912C-4CDB9DEED39A}.Release|x64.Build.0 = Release|x64
		{412E63AB-C6E5-4638-912C-4CDB9DEED39A}.Release|x64.Deploy.0 = Release|x64
		{412E63AB-C6E5-4638-912C-4CDB9DEED39A}.Release|x86.ActiveCfg = Release|x86
		{412E63AB-C6E5-4638-912C-4CDB9DEED39A}.Release|x86.Build.0 = Release|x86
		{412E63AB-C6E5-4638-912C-4CDB9DEED39A}.Release|x86.Deploy.0 = Release|x86
		{AD1B7A97-2A96-4A44-8A27-CA85B85FC2E7}.Debug|Any CPU.ActiveCfg = Debug|x86
		{AD1B7A97-2A96-4A44-8A27-CA85B85FC2E7}.Debug|ARM.ActiveCfg = Debug|ARM
		{AD1B7A97-2A96-4A44-8A27-CA85B85FC2E7}.Debug|ARM.Build.0 = Debug|ARM
		{AD1B7A97-2A96-4A44-8A27-CA85B85FC2E7}.Debug|ARM.Deploy.0 = Debug|ARM
		{AD1B7A97-2A96-4A44-8A27-CA85B85FC2E7}.Debug|ARM64.ActiveCfg = Debug|ARM64
		{AD1B7A97-2A96-4A44-8A27-CA85B85FC2E7}.Debug|ARM64.Build.0 = Debug|ARM64
		{AD1B7A97-2A96-4A44-8A27-CA85B85FC2E7}.Debug|ARM64.Deploy.0 = Debug|ARM64
		{AD1B7A97-2A96-4A44-8A27-CA85B85FC2E7}.Debug|x64.ActiveCfg = Debug|x64
		{AD1B7A97-2A96-4A44-8A27-CA85B85FC2E7}.Debug|x64.Build.0 = Debug|x64
		{AD1B7A97-2A96-4A44-8A27-CA85B85FC2E7}.Debug|x64.Deploy.0 = Debug|x64
		{AD1B7A97-2A96-4A44-8A27-CA85B85FC2E7}.Debug|x86.ActiveCfg = Debug|x86
		{AD1B7A97-2A96-4A44-8A27-CA85B85FC2E7}.Debug|x86.Build.0 = Debug|x86
		{AD1B7A97-2A96-4A44-8A27-CA85B85FC2E7}.Debug|x86.Deploy.0 = Debug|x86
		{AD1B7A97-2A96-4A44-8A27-CA85B85FC2E7}.Release|Any CPU.ActiveCfg = Release|x86
		{AD1B7A97-2A96-4A44-8A27-CA85B85FC2E7}.Release|ARM.ActiveCfg = Release|ARM
		{AD1B7A97-2A96-4A44-8A27-CA85B85FC2E7}.Release|ARM.Build.0 = Release|ARM
		{AD1B7A97-2A96-4A44-8A27-CA85B85FC2E7}.Release|ARM.Deploy.0 = Release|ARM
		{AD1B7A97-2A96-4A44-8A27-CA85B85FC2E7}.Release|ARM64.ActiveCfg = Release|ARM64
		{AD1B7A97-2A96-4A44-8A27-CA85B85FC2E7}.Release|ARM64.Build.0 = Release|ARM64
		{AD1B7A97-2A96-4A44-8A27-CA85B85FC2E7}.Release|ARM64.Deploy.0 = Release|ARM64
		{AD1B7A97-2A96-4A44-8A27-CA85B85FC2E7}.Release|x64.ActiveCfg = Release|x64
		{AD1B7A97-2A96-4A44-8A27-CA85B85FC2E7}.Release|x64.Build.0 = Release|x64
		{AD1B7A97-2A96-4A44-8A27-CA85B85FC2E7}.Release|x64.Deploy.0 = Release|x64
		{AD1B7A97-2A96-4A44-8A27-CA85B85FC2E7}.Release|x86.ActiveCfg = Release|x86
		{AD1B7A97-2A96-4A44-8A27-CA85B85FC2E7}.Release|x86.Build.0 = Release|x86
		{AD1B7A97-2A96-4A44-8A27-CA85B85FC2E7}.Release|x86.Deploy.0 = Release|x86
		{A7A8B587-4036-4106-B192-76F831ADF900}.Debug|Any CPU.ActiveCfg = Debug|Any CPU
		{A7A8B587-4036-4106-B192-76F831ADF900}.Debug|Any CPU.Build.0 = Debug|Any CPU
		{A7A8B587-4036-4106-B192-76F831ADF900}.Debug|Any CPU.Deploy.0 = Debug|Any CPU
		{A7A8B587-4036-4106-B192-76F831ADF900}.Debug|ARM.ActiveCfg = Debug|Any CPU
		{A7A8B587-4036-4106-B192-76F831ADF900}.Debug|ARM.Build.0 = Debug|Any CPU
		{A7A8B587-4036-4106-B192-76F831ADF900}.Debug|ARM.Deploy.0 = Debug|Any CPU
		{A7A8B587-4036-4106-B192-76F831ADF900}.Debug|ARM64.ActiveCfg = Debug|Any CPU
		{A7A8B587-4036-4106-B192-76F831ADF900}.Debug|ARM64.Build.0 = Debug|Any CPU
		{A7A8B587-4036-4106-B192-76F831ADF900}.Debug|ARM64.Deploy.0 = Debug|Any CPU
		{A7A8B587-4036-4106-B192-76F831ADF900}.Debug|x64.ActiveCfg = Debug|Any CPU
		{A7A8B587-4036-4106-B192-76F831ADF900}.Debug|x64.Build.0 = Debug|Any CPU
		{A7A8B587-4036-4106-B192-76F831ADF900}.Debug|x64.Deploy.0 = Debug|Any CPU
		{A7A8B587-4036-4106-B192-76F831ADF900}.Debug|x86.ActiveCfg = Debug|Any CPU
		{A7A8B587-4036-4106-B192-76F831ADF900}.Debug|x86.Build.0 = Debug|Any CPU
		{A7A8B587-4036-4106-B192-76F831ADF900}.Debug|x86.Deploy.0 = Debug|Any CPU
		{A7A8B587-4036-4106-B192-76F831ADF900}.Release|Any CPU.ActiveCfg = Release|Any CPU
		{A7A8B587-4036-4106-B192-76F831ADF900}.Release|Any CPU.Build.0 = Release|Any CPU
		{A7A8B587-4036-4106-B192-76F831ADF900}.Release|Any CPU.Deploy.0 = Release|Any CPU
		{A7A8B587-4036-4106-B192-76F831ADF900}.Release|ARM.ActiveCfg = Release|Any CPU
		{A7A8B587-4036-4106-B192-76F831ADF900}.Release|ARM.Build.0 = Release|Any CPU
		{A7A8B587-4036-4106-B192-76F831ADF900}.Release|ARM.Deploy.0 = Release|Any CPU
		{A7A8B587-4036-4106-B192-76F831ADF900}.Release|ARM64.ActiveCfg = Release|Any CPU
		{A7A8B587-4036-4106-B192-76F831ADF900}.Release|ARM64.Build.0 = Release|Any CPU
		{A7A8B587-4036-4106-B192-76F831ADF900}.Release|ARM64.Deploy.0 = Release|Any CPU
		{A7A8B587-4036-4106-B192-76F831ADF900}.Release|x64.ActiveCfg = Release|Any CPU
		{A7A8B587-4036-4106-B192-76F831ADF900}.Release|x64.Build.0 = Release|Any CPU
		{A7A8B587-4036-4106-B192-76F831ADF900}.Release|x64.Deploy.0 = Release|Any CPU
		{A7A8B587-4036-4106-B192-76F831ADF900}.Release|x86.ActiveCfg = Release|Any CPU
		{A7A8B587-4036-4106-B192-76F831ADF900}.Release|x86.Build.0 = Release|Any CPU
		{A7A8B587-4036-4106-B192-76F831ADF900}.Release|x86.Deploy.0 = Release|Any CPU
		{6EBBD678-A533-40B4-B5FC-67E7EAB0277F}.Debug|Any CPU.ActiveCfg = Debug|Any CPU
		{6EBBD678-A533-40B4-B5FC-67E7EAB0277F}.Debug|Any CPU.Build.0 = Debug|Any CPU
		{6EBBD678-A533-40B4-B5FC-67E7EAB0277F}.Debug|ARM.ActiveCfg = Debug|Any CPU
		{6EBBD678-A533-40B4-B5FC-67E7EAB0277F}.Debug|ARM.Build.0 = Debug|Any CPU
		{6EBBD678-A533-40B4-B5FC-67E7EAB0277F}.Debug|ARM64.ActiveCfg = Debug|Any CPU
		{6EBBD678-A533-40B4-B5FC-67E7EAB0277F}.Debug|ARM64.Build.0 = Debug|Any CPU
		{6EBBD678-A533-40B4-B5FC-67E7EAB0277F}.Debug|x64.ActiveCfg = Debug|Any CPU
		{6EBBD678-A533-40B4-B5FC-67E7EAB0277F}.Debug|x64.Build.0 = Debug|Any CPU
		{6EBBD678-A533-40B4-B5FC-67E7EAB0277F}.Debug|x86.ActiveCfg = Debug|Any CPU
		{6EBBD678-A533-40B4-B5FC-67E7EAB0277F}.Debug|x86.Build.0 = Debug|Any CPU
		{6EBBD678-A533-40B4-B5FC-67E7EAB0277F}.Release|Any CPU.ActiveCfg = Release|Any CPU
		{6EBBD678-A533-40B4-B5FC-67E7EAB0277F}.Release|Any CPU.Build.0 = Release|Any CPU
		{6EBBD678-A533-40B4-B5FC-67E7EAB0277F}.Release|ARM.ActiveCfg = Release|Any CPU
		{6EBBD678-A533-40B4-B5FC-67E7EAB0277F}.Release|ARM.Build.0 = Release|Any CPU
		{6EBBD678-A533-40B4-B5FC-67E7EAB0277F}.Release|ARM64.ActiveCfg = Release|Any CPU
		{6EBBD678-A533-40B4-B5FC-67E7EAB0277F}.Release|ARM64.Build.0 = Release|Any CPU
		{6EBBD678-A533-40B4-B5FC-67E7EAB0277F}.Release|x64.ActiveCfg = Release|Any CPU
		{6EBBD678-A533-40B4-B5FC-67E7EAB0277F}.Release|x64.Build.0 = Release|Any CPU
		{6EBBD678-A533-40B4-B5FC-67E7EAB0277F}.Release|x86.ActiveCfg = Release|Any CPU
		{6EBBD678-A533-40B4-B5FC-67E7EAB0277F}.Release|x86.Build.0 = Release|Any CPU
		{5B138E34-A679-4FE5-97B6-7D7D60342256}.Debug|Any CPU.ActiveCfg = Debug|Any CPU
		{5B138E34-A679-4FE5-97B6-7D7D60342256}.Debug|Any CPU.Build.0 = Debug|Any CPU
		{5B138E34-A679-4FE5-97B6-7D7D60342256}.Debug|Any CPU.Deploy.0 = Debug|Any CPU
		{5B138E34-A679-4FE5-97B6-7D7D60342256}.Debug|ARM.ActiveCfg = Debug|Any CPU
		{5B138E34-A679-4FE5-97B6-7D7D60342256}.Debug|ARM.Build.0 = Debug|Any CPU
		{5B138E34-A679-4FE5-97B6-7D7D60342256}.Debug|ARM.Deploy.0 = Debug|Any CPU
		{5B138E34-A679-4FE5-97B6-7D7D60342256}.Debug|ARM64.ActiveCfg = Debug|Any CPU
		{5B138E34-A679-4FE5-97B6-7D7D60342256}.Debug|ARM64.Build.0 = Debug|Any CPU
		{5B138E34-A679-4FE5-97B6-7D7D60342256}.Debug|ARM64.Deploy.0 = Debug|Any CPU
		{5B138E34-A679-4FE5-97B6-7D7D60342256}.Debug|x64.ActiveCfg = Debug|Any CPU
		{5B138E34-A679-4FE5-97B6-7D7D60342256}.Debug|x64.Build.0 = Debug|Any CPU
		{5B138E34-A679-4FE5-97B6-7D7D60342256}.Debug|x64.Deploy.0 = Debug|Any CPU
		{5B138E34-A679-4FE5-97B6-7D7D60342256}.Debug|x86.ActiveCfg = Debug|Any CPU
		{5B138E34-A679-4FE5-97B6-7D7D60342256}.Debug|x86.Build.0 = Debug|Any CPU
		{5B138E34-A679-4FE5-97B6-7D7D60342256}.Debug|x86.Deploy.0 = Debug|Any CPU
		{5B138E34-A679-4FE5-97B6-7D7D60342256}.Release|Any CPU.ActiveCfg = Release|Any CPU
		{5B138E34-A679-4FE5-97B6-7D7D60342256}.Release|Any CPU.Build.0 = Release|Any CPU
		{5B138E34-A679-4FE5-97B6-7D7D60342256}.Release|Any CPU.Deploy.0 = Release|Any CPU
		{5B138E34-A679-4FE5-97B6-7D7D60342256}.Release|ARM.ActiveCfg = Release|Any CPU
		{5B138E34-A679-4FE5-97B6-7D7D60342256}.Release|ARM.Build.0 = Release|Any CPU
		{5B138E34-A679-4FE5-97B6-7D7D60342256}.Release|ARM.Deploy.0 = Release|Any CPU
		{5B138E34-A679-4FE5-97B6-7D7D60342256}.Release|ARM64.ActiveCfg = Release|Any CPU
		{5B138E34-A679-4FE5-97B6-7D7D60342256}.Release|ARM64.Build.0 = Release|Any CPU
		{5B138E34-A679-4FE5-97B6-7D7D60342256}.Release|ARM64.Deploy.0 = Release|Any CPU
		{5B138E34-A679-4FE5-97B6-7D7D60342256}.Release|x64.ActiveCfg = Release|Any CPU
		{5B138E34-A679-4FE5-97B6-7D7D60342256}.Release|x64.Build.0 = Release|Any CPU
		{5B138E34-A679-4FE5-97B6-7D7D60342256}.Release|x64.Deploy.0 = Release|Any CPU
		{5B138E34-A679-4FE5-97B6-7D7D60342256}.Release|x86.ActiveCfg = Release|Any CPU
		{5B138E34-A679-4FE5-97B6-7D7D60342256}.Release|x86.Build.0 = Release|Any CPU
		{5B138E34-A679-4FE5-97B6-7D7D60342256}.Release|x86.Deploy.0 = Release|Any CPU
		{7F119C74-DFD8-457B-94E7-F42AF5A2D668}.Debug|Any CPU.ActiveCfg = Debug|Any CPU
		{7F119C74-DFD8-457B-94E7-F42AF5A2D668}.Debug|Any CPU.Build.0 = Debug|Any CPU
		{7F119C74-DFD8-457B-94E7-F42AF5A2D668}.Debug|ARM.ActiveCfg = Debug|Any CPU
		{7F119C74-DFD8-457B-94E7-F42AF5A2D668}.Debug|ARM.Build.0 = Debug|Any CPU
		{7F119C74-DFD8-457B-94E7-F42AF5A2D668}.Debug|ARM64.ActiveCfg = Debug|Any CPU
		{7F119C74-DFD8-457B-94E7-F42AF5A2D668}.Debug|ARM64.Build.0 = Debug|Any CPU
		{7F119C74-DFD8-457B-94E7-F42AF5A2D668}.Debug|x64.ActiveCfg = Debug|Any CPU
		{7F119C74-DFD8-457B-94E7-F42AF5A2D668}.Debug|x64.Build.0 = Debug|Any CPU
		{7F119C74-DFD8-457B-94E7-F42AF5A2D668}.Debug|x86.ActiveCfg = Debug|Any CPU
		{7F119C74-DFD8-457B-94E7-F42AF5A2D668}.Debug|x86.Build.0 = Debug|Any CPU
		{7F119C74-DFD8-457B-94E7-F42AF5A2D668}.Release|Any CPU.ActiveCfg = Release|Any CPU
		{7F119C74-DFD8-457B-94E7-F42AF5A2D668}.Release|Any CPU.Build.0 = Release|Any CPU
		{7F119C74-DFD8-457B-94E7-F42AF5A2D668}.Release|ARM.ActiveCfg = Release|Any CPU
		{7F119C74-DFD8-457B-94E7-F42AF5A2D668}.Release|ARM.Build.0 = Release|Any CPU
		{7F119C74-DFD8-457B-94E7-F42AF5A2D668}.Release|ARM64.ActiveCfg = Release|Any CPU
		{7F119C74-DFD8-457B-94E7-F42AF5A2D668}.Release|ARM64.Build.0 = Release|Any CPU
		{7F119C74-DFD8-457B-94E7-F42AF5A2D668}.Release|x64.ActiveCfg = Release|Any CPU
		{7F119C74-DFD8-457B-94E7-F42AF5A2D668}.Release|x64.Build.0 = Release|Any CPU
		{7F119C74-DFD8-457B-94E7-F42AF5A2D668}.Release|x86.ActiveCfg = Release|Any CPU
		{7F119C74-DFD8-457B-94E7-F42AF5A2D668}.Release|x86.Build.0 = Release|Any CPU
	EndGlobalSection
	GlobalSection(SolutionProperties) = preSolution
		HideSolutionNode = FALSE
	EndGlobalSection
	GlobalSection(ExtensibilityGlobals) = postSolution
		SolutionGuid = {17223086-7477-472E-AEE5-73AD92E7F544}
	EndGlobalSection
EndGlobal
