
Microsoft Visual Studio Solution File, Format Version 12.00
# Visual Studio 15
VisualStudioVersion = 15.0.27130.2026
MinimumVisualStudioVersion = 10.0.40219.1
Project("{FAE04EC0-301F-11D3-BF4B-00C04F79EFBC}") = "AppTester", "AppTester\AppTester.csproj", "{BDBCECDB-5A36-4643-9331-2DD7BE231A7C}"
EndProject
Project("{9A19103F-16F7-4668-BE54-9A1E7A4F7556}") = "RedDavidApps", "RedDavidApps\RedDavidApps.csproj", "{F2C5A331-7A20-4557-8A16-467859824FA3}"
EndProject
Project("{FAE04EC0-301F-11D3-BF4B-00C04F79EFBC}") = "RadioStats", "RadioStats\RadioStats.csproj", "{861270B2-F279-4F17-A18C-326F1516698C}"
EndProject
Project("{FAE04EC0-301F-11D3-BF4B-00C04F79EFBC}") = "StoreApiTester", "StoreApiTester\StoreApiTester.csproj", "{E243209E-13C1-45AB-9E52-FD3FBBA802A0}"
EndProject
Project("{FAE04EC0-301F-11D3-BF4B-00C04F79EFBC}") = "RadioMobile", "RadioMobile\RadioMobile.csproj", "{B8805890-EE49-4B75-B08D-EA6A0731C3C8}"
EndProject
Project("{FAE04EC0-301F-11D3-BF4B-00C04F79EFBC}") = "ConsoleApp1", "ConsoleApp1\ConsoleApp1.csproj", "{EB63F81F-2A57-4533-9E81-BB584A1FDC76}"
EndProject
Project("{FAE04EC0-301F-11D3-BF4B-00C04F79EFBC}") = "RFIDGateSystem.Forms", "RFIDGateSystem.Forms\RFIDGateSystem.Forms.csproj", "{375C030A-84BD-444B-9BD3-FFCC11BC01B9}"
EndProject
Project("{FAE04EC0-301F-11D3-BF4B-00C04F79EFBC}") = "LogiBatteryStatus", "LogiBatteryStatus\LogiBatteryStatus.csproj", "{FFD92117-B0AB-400B-8033-5E25581751DB}"
EndProject
Project("{FAE04EC0-301F-11D3-BF4B-00C04F79EFBC}") = "UWPXAMLControls", "UWPXAMLControls\UWPXAMLControls.csproj", "{BF21F832-642C-45A7-BA06-818CBD48B5B0}"
EndProject
Project("{FAE04EC0-301F-11D3-BF4B-00C04F79EFBC}") = "App1", "App1\App1.csproj", "{A4FC3DF2-52CA-4374-9C70-6CB831E8338F}"
EndProject
Project("{FAE04EC0-301F-11D3-BF4B-00C04F79EFBC}") = "RichTest.Forms", "RichTest.Forms\RichTest.Forms.csproj", "{E84B3E2A-80B6-4DF7-9577-42C02BFD3AAC}"
EndProject
Project("{FAE04EC0-301F-11D3-BF4B-00C04F79EFBC}") = "CodeTester", "CodeTester\CodeTester.csproj", "{7A522143-59C4-4046-A200-A23E9A41D7E7}"
EndProject
Project("{FAE04EC0-301F-11D3-BF4B-00C04F79EFBC}") = "MVVM-Sample", "MVVM-Sample\MVVM-Sample.csproj", "{7D4DE91C-A4D4-4056-9720-AD92FFFE7621}"
EndProject
Global
	GlobalSection(SolutionConfigurationPlatforms) = preSolution
		Debug|Any CPU = Debug|Any CPU
		Debug|ARM = Debug|ARM
		Debug|ARM64 = Debug|ARM64
		Debug|x64 = Debug|x64
		Debug|x86 = Debug|x86
		Release|Any CPU = Release|Any CPU
		Release|ARM = Release|ARM
		Release|ARM64 = Release|ARM64
		Release|x64 = Release|x64
		Release|x86 = Release|x86
	EndGlobalSection
	GlobalSection(ProjectConfigurationPlatforms) = postSolution
		{BDBCECDB-5A36-4643-9331-2DD7BE231A7C}.Debug|Any CPU.ActiveCfg = Debug|Any CPU
		{BDBCECDB-5A36-4643-9331-2DD7BE231A7C}.Debug|Any CPU.Build.0 = Debug|Any CPU
		{BDBCECDB-5A36-4643-9331-2DD7BE231A7C}.Debug|ARM.ActiveCfg = Debug|Any CPU
		{BDBCECDB-5A36-4643-9331-2DD7BE231A7C}.Debug|ARM.Build.0 = Debug|Any CPU
		{BDBCECDB-5A36-4643-9331-2DD7BE231A7C}.Debug|ARM64.ActiveCfg = Debug|Any CPU
		{BDBCECDB-5A36-4643-9331-2DD7BE231A7C}.Debug|ARM64.Build.0 = Debug|Any CPU
		{BDBCECDB-5A36-4643-9331-2DD7BE231A7C}.Debug|x64.ActiveCfg = Debug|Any CPU
		{BDBCECDB-5A36-4643-9331-2DD7BE231A7C}.Debug|x64.Build.0 = Debug|Any CPU
		{BDBCECDB-5A36-4643-9331-2DD7BE231A7C}.Debug|x86.ActiveCfg = Debug|Any CPU
		{BDBCECDB-5A36-4643-9331-2DD7BE231A7C}.Debug|x86.Build.0 = Debug|Any CPU
		{BDBCECDB-5A36-4643-9331-2DD7BE231A7C}.Release|Any CPU.ActiveCfg = Release|Any CPU
		{BDBCECDB-5A36-4643-9331-2DD7BE231A7C}.Release|Any CPU.Build.0 = Release|Any CPU
		{BDBCECDB-5A36-4643-9331-2DD7BE231A7C}.Release|ARM.ActiveCfg = Release|Any CPU
		{BDBCECDB-5A36-4643-9331-2DD7BE231A7C}.Release|ARM.Build.0 = Release|Any CPU
		{BDBCECDB-5A36-4643-9331-2DD7BE231A7C}.Release|ARM64.ActiveCfg = Release|Any CPU
		{BDBCECDB-5A36-4643-9331-2DD7BE231A7C}.Release|ARM64.Build.0 = Release|Any CPU
		{BDBCECDB-5A36-4643-9331-2DD7BE231A7C}.Release|x64.ActiveCfg = Release|Any CPU
		{BDBCECDB-5A36-4643-9331-2DD7BE231A7C}.Release|x64.Build.0 = Release|Any CPU
		{BDBCECDB-5A36-4643-9331-2DD7BE231A7C}.Release|x86.ActiveCfg = Release|Any CPU
		{BDBCECDB-5A36-4643-9331-2DD7BE231A7C}.Release|x86.Build.0 = Release|Any CPU
		{F2C5A331-7A20-4557-8A16-467859824FA3}.Debug|Any CPU.ActiveCfg = Debug|Any CPU
		{F2C5A331-7A20-4557-8A16-467859824FA3}.Debug|Any CPU.Build.0 = Debug|Any CPU
		{F2C5A331-7A20-4557-8A16-467859824FA3}.Debug|ARM.ActiveCfg = Debug|Any CPU
		{F2C5A331-7A20-4557-8A16-467859824FA3}.Debug|ARM.Build.0 = Debug|Any CPU
		{F2C5A331-7A20-4557-8A16-467859824FA3}.Debug|ARM64.ActiveCfg = Debug|Any CPU
		{F2C5A331-7A20-4557-8A16-467859824FA3}.Debug|ARM64.Build.0 = Debug|Any CPU
		{F2C5A331-7A20-4557-8A16-467859824FA3}.Debug|x64.ActiveCfg = Debug|Any CPU
		{F2C5A331-7A20-4557-8A16-467859824FA3}.Debug|x64.Build.0 = Debug|Any CPU
		{F2C5A331-7A20-4557-8A16-467859824FA3}.Debug|x86.ActiveCfg = Debug|Any CPU
		{F2C5A331-7A20-4557-8A16-467859824FA3}.Debug|x86.Build.0 = Debug|Any CPU
		{F2C5A331-7A20-4557-8A16-467859824FA3}.Release|Any CPU.ActiveCfg = Release|Any CPU
		{F2C5A331-7A20-4557-8A16-467859824FA3}.Release|Any CPU.Build.0 = Release|Any CPU
		{F2C5A331-7A20-4557-8A16-467859824FA3}.Release|ARM.ActiveCfg = Release|Any CPU
		{F2C5A331-7A20-4557-8A16-467859824FA3}.Release|ARM.Build.0 = Release|Any CPU
		{F2C5A331-7A20-4557-8A16-467859824FA3}.Release|ARM64.ActiveCfg = Release|Any CPU
		{F2C5A331-7A20-4557-8A16-467859824FA3}.Release|ARM64.Build.0 = Release|Any CPU
		{F2C5A331-7A20-4557-8A16-467859824FA3}.Release|x64.ActiveCfg = Release|Any CPU
		{F2C5A331-7A20-4557-8A16-467859824FA3}.Release|x64.Build.0 = Release|Any CPU
		{F2C5A331-7A20-4557-8A16-467859824FA3}.Release|x86.ActiveCfg = Release|Any CPU
		{F2C5A331-7A20-4557-8A16-467859824FA3}.Release|x86.Build.0 = Release|Any CPU
		{861270B2-F279-4F17-A18C-326F1516698C}.Debug|Any CPU.ActiveCfg = Debug|Any CPU
		{861270B2-F279-4F17-A18C-326F1516698C}.Debug|Any CPU.Build.0 = Debug|Any CPU
		{861270B2-F279-4F17-A18C-326F1516698C}.Debug|ARM.ActiveCfg = Debug|Any CPU
		{861270B2-F279-4F17-A18C-326F1516698C}.Debug|ARM.Build.0 = Debug|Any CPU
		{861270B2-F279-4F17-A18C-326F1516698C}.Debug|ARM64.ActiveCfg = Debug|Any CPU
		{861270B2-F279-4F17-A18C-326F1516698C}.Debug|ARM64.Build.0 = Debug|Any CPU
		{861270B2-F279-4F17-A18C-326F1516698C}.Debug|x64.ActiveCfg = Debug|Any CPU
		{861270B2-F279-4F17-A18C-326F1516698C}.Debug|x64.Build.0 = Debug|Any CPU
		{861270B2-F279-4F17-A18C-326F1516698C}.Debug|x86.ActiveCfg = Debug|Any CPU
		{861270B2-F279-4F17-A18C-326F1516698C}.Debug|x86.Build.0 = Debug|Any CPU
		{861270B2-F279-4F17-A18C-326F1516698C}.Release|Any CPU.ActiveCfg = Release|Any CPU
		{861270B2-F279-4F17-A18C-326F1516698C}.Release|Any CPU.Build.0 = Release|Any CPU
		{861270B2-F279-4F17-A18C-326F1516698C}.Release|ARM.ActiveCfg = Release|Any CPU
		{861270B2-F279-4F17-A18C-326F1516698C}.Release|ARM.Build.0 = Release|Any CPU
		{861270B2-F279-4F17-A18C-326F1516698C}.Release|ARM64.ActiveCfg = Release|Any CPU
		{861270B2-F279-4F17-A18C-326F1516698C}.Release|ARM64.Build.0 = Release|Any CPU
		{861270B2-F279-4F17-A18C-326F1516698C}.Release|x64.ActiveCfg = Release|Any CPU
		{861270B2-F279-4F17-A18C-326F1516698C}.Release|x64.Build.0 = Release|Any CPU
		{861270B2-F279-4F17-A18C-326F1516698C}.Release|x86.ActiveCfg = Release|Any CPU
		{861270B2-F279-4F17-A18C-326F1516698C}.Release|x86.Build.0 = Release|Any CPU
		{E243209E-13C1-45AB-9E52-FD3FBBA802A0}.Debug|Any CPU.ActiveCfg = Debug|Any CPU
		{E243209E-13C1-45AB-9E52-FD3FBBA802A0}.Debug|Any CPU.Build.0 = Debug|Any CPU
		{E243209E-13C1-45AB-9E52-FD3FBBA802A0}.Debug|ARM.ActiveCfg = Debug|Any CPU
		{E243209E-13C1-45AB-9E52-FD3FBBA802A0}.Debug|ARM.Build.0 = Debug|Any CPU
		{E243209E-13C1-45AB-9E52-FD3FBBA802A0}.Debug|ARM64.ActiveCfg = Debug|Any CPU
		{E243209E-13C1-45AB-9E52-FD3FBBA802A0}.Debug|ARM64.Build.0 = Debug|Any CPU
		{E243209E-13C1-45AB-9E52-FD3FBBA802A0}.Debug|x64.ActiveCfg = Debug|Any CPU
		{E243209E-13C1-45AB-9E52-FD3FBBA802A0}.Debug|x64.Build.0 = Debug|Any CPU
		{E243209E-13C1-45AB-9E52-FD3FBBA802A0}.Debug|x86.ActiveCfg = Debug|Any CPU
		{E243209E-13C1-45AB-9E52-FD3FBBA802A0}.Debug|x86.Build.0 = Debug|Any CPU
		{E243209E-13C1-45AB-9E52-FD3FBBA802A0}.Release|Any CPU.ActiveCfg = Release|Any CPU
		{E243209E-13C1-45AB-9E52-FD3FBBA802A0}.Release|Any CPU.Build.0 = Release|Any CPU
		{E243209E-13C1-45AB-9E52-FD3FBBA802A0}.Release|ARM.ActiveCfg = Release|Any CPU
		{E243209E-13C1-45AB-9E52-FD3FBBA802A0}.Release|ARM.Build.0 = Release|Any CPU
		{E243209E-13C1-45AB-9E52-FD3FBBA802A0}.Release|ARM64.ActiveCfg = Release|Any CPU
		{E243209E-13C1-45AB-9E52-FD3FBBA802A0}.Release|ARM64.Build.0 = Release|Any CPU
		{E243209E-13C1-45AB-9E52-FD3FBBA802A0}.Release|x64.ActiveCfg = Release|Any CPU
		{E243209E-13C1-45AB-9E52-FD3FBBA802A0}.Release|x64.Build.0 = Release|Any CPU
		{E243209E-13C1-45AB-9E52-FD3FBBA802A0}.Release|x86.ActiveCfg = Release|Any CPU
		{E243209E-13C1-45AB-9E52-FD3FBBA802A0}.Release|x86.Build.0 = Release|Any CPU
		{B8805890-EE49-4B75-B08D-EA6A0731C3C8}.Debug|Any CPU.ActiveCfg = Debug|Any CPU
		{B8805890-EE49-4B75-B08D-EA6A0731C3C8}.Debug|Any CPU.Build.0 = Debug|Any CPU
		{B8805890-EE49-4B75-B08D-EA6A0731C3C8}.Debug|ARM.ActiveCfg = Debug|Any CPU
		{B8805890-EE49-4B75-B08D-EA6A0731C3C8}.Debug|ARM.Build.0 = Debug|Any CPU
		{B8805890-EE49-4B75-B08D-EA6A0731C3C8}.Debug|ARM64.ActiveCfg = Debug|Any CPU
		{B8805890-EE49-4B75-B08D-EA6A0731C3C8}.Debug|ARM64.Build.0 = Debug|Any CPU
		{B8805890-EE49-4B75-B08D-EA6A0731C3C8}.Debug|x64.ActiveCfg = Debug|Any CPU
		{B8805890-EE49-4B75-B08D-EA6A0731C3C8}.Debug|x64.Build.0 = Debug|Any CPU
		{B8805890-EE49-4B75-B08D-EA6A0731C3C8}.Debug|x86.ActiveCfg = Debug|Any CPU
		{B8805890-EE49-4B75-B08D-EA6A0731C3C8}.Debug|x86.Build.0 = Debug|Any CPU
		{B8805890-EE49-4B75-B08D-EA6A0731C3C8}.Release|Any CPU.ActiveCfg = Release|Any CPU
		{B8805890-EE49-4B75-B08D-EA6A0731C3C8}.Release|Any CPU.Build.0 = Release|Any CPU
		{B8805890-EE49-4B75-B08D-EA6A0731C3C8}.Release|ARM.ActiveCfg = Release|Any CPU
		{B8805890-EE49-4B75-B08D-EA6A0731C3C8}.Release|ARM.Build.0 = Release|Any CPU
		{B8805890-EE49-4B75-B08D-EA6A0731C3C8}.Release|ARM64.ActiveCfg = Release|Any CPU
		{B8805890-EE49-4B75-B08D-EA6A0731C3C8}.Release|ARM64.Build.0 = Release|Any CPU
		{B8805890-EE49-4B75-B08D-EA6A0731C3C8}.Release|x64.ActiveCfg = Release|Any CPU
		{B8805890-EE49-4B75-B08D-EA6A0731C3C8}.Release|x64.Build.0 = Release|Any CPU
		{B8805890-EE49-4B75-B08D-EA6A0731C3C8}.Release|x86.ActiveCfg = Release|Any CPU
		{B8805890-EE49-4B75-B08D-EA6A0731C3C8}.Release|x86.Build.0 = Release|Any CPU
		{EB63F81F-2A57-4533-9E81-BB584A1FDC76}.Debug|Any CPU.ActiveCfg = Debug|Any CPU
		{EB63F81F-2A57-4533-9E81-BB584A1FDC76}.Debug|Any CPU.Build.0 = Debug|Any CPU
		{EB63F81F-2A57-4533-9E81-BB584A1FDC76}.Debug|ARM.ActiveCfg = Debug|Any CPU
		{EB63F81F-2A57-4533-9E81-BB584A1FDC76}.Debug|ARM.Build.0 = Debug|Any CPU
		{EB63F81F-2A57-4533-9E81-BB584A1FDC76}.Debug|ARM64.ActiveCfg = Debug|Any CPU
		{EB63F81F-2A57-4533-9E81-BB584A1FDC76}.Debug|ARM64.Build.0 = Debug|Any CPU
		{EB63F81F-2A57-4533-9E81-BB584A1FDC76}.Debug|x64.ActiveCfg = Debug|Any CPU
		{EB63F81F-2A57-4533-9E81-BB584A1FDC76}.Debug|x64.Build.0 = Debug|Any CPU
		{EB63F81F-2A57-4533-9E81-BB584A1FDC76}.Debug|x86.ActiveCfg = Debug|Any CPU
		{EB63F81F-2A57-4533-9E81-BB584A1FDC76}.Debug|x86.Build.0 = Debug|Any CPU
		{EB63F81F-2A57-4533-9E81-BB584A1FDC76}.Release|Any CPU.ActiveCfg = Release|Any CPU
		{EB63F81F-2A57-4533-9E81-BB584A1FDC76}.Release|Any CPU.Build.0 = Release|Any CPU
		{EB63F81F-2A57-4533-9E81-BB584A1FDC76}.Release|ARM.ActiveCfg = Release|Any CPU
		{EB63F81F-2A57-4533-9E81-BB584A1FDC76}.Release|ARM.Build.0 = Release|Any CPU
		{EB63F81F-2A57-4533-9E81-BB584A1FDC76}.Release|ARM64.ActiveCfg = Release|Any CPU
		{EB63F81F-2A57-4533-9E81-BB584A1FDC76}.Release|ARM64.Build.0 = Release|Any CPU
		{EB63F81F-2A57-4533-9E81-BB584A1FDC76}.Release|x64.ActiveCfg = Release|Any CPU
		{EB63F81F-2A57-4533-9E81-BB584A1FDC76}.Release|x64.Build.0 = Release|Any CPU
		{EB63F81F-2A57-4533-9E81-BB584A1FDC76}.Release|x86.ActiveCfg = Release|Any CPU
		{EB63F81F-2A57-4533-9E81-BB584A1FDC76}.Release|x86.Build.0 = Release|Any CPU
		{375C030A-84BD-444B-9BD3-FFCC11BC01B9}.Debug|Any CPU.ActiveCfg = Debug|Any CPU
		{375C030A-84BD-444B-9BD3-FFCC11BC01B9}.Debug|Any CPU.Build.0 = Debug|Any CPU
		{375C030A-84BD-444B-9BD3-FFCC11BC01B9}.Debug|ARM.ActiveCfg = Debug|Any CPU
		{375C030A-84BD-444B-9BD3-FFCC11BC01B9}.Debug|ARM.Build.0 = Debug|Any CPU
		{375C030A-84BD-444B-9BD3-FFCC11BC01B9}.Debug|ARM64.ActiveCfg = Debug|Any CPU
		{375C030A-84BD-444B-9BD3-FFCC11BC01B9}.Debug|ARM64.Build.0 = Debug|Any CPU
		{375C030A-84BD-444B-9BD3-FFCC11BC01B9}.Debug|x64.ActiveCfg = Debug|Any CPU
		{375C030A-84BD-444B-9BD3-FFCC11BC01B9}.Debug|x64.Build.0 = Debug|Any CPU
		{375C030A-84BD-444B-9BD3-FFCC11BC01B9}.Debug|x86.ActiveCfg = Debug|Any CPU
		{375C030A-84BD-444B-9BD3-FFCC11BC01B9}.Debug|x86.Build.0 = Debug|Any CPU
		{375C030A-84BD-444B-9BD3-FFCC11BC01B9}.Release|Any CPU.ActiveCfg = Release|Any CPU
		{375C030A-84BD-444B-9BD3-FFCC11BC01B9}.Release|Any CPU.Build.0 = Release|Any CPU
		{375C030A-84BD-444B-9BD3-FFCC11BC01B9}.Release|ARM.ActiveCfg = Release|Any CPU
		{375C030A-84BD-444B-9BD3-FFCC11BC01B9}.Release|ARM.Build.0 = Release|Any CPU
		{375C030A-84BD-444B-9BD3-FFCC11BC01B9}.Release|ARM64.ActiveCfg = Release|Any CPU
		{375C030A-84BD-444B-9BD3-FFCC11BC01B9}.Release|ARM64.Build.0 = Release|Any CPU
		{375C030A-84BD-444B-9BD3-FFCC11BC01B9}.Release|x64.ActiveCfg = Release|Any CPU
		{375C030A-84BD-444B-9BD3-FFCC11BC01B9}.Release|x64.Build.0 = Release|Any CPU
		{375C030A-84BD-444B-9BD3-FFCC11BC01B9}.Release|x86.ActiveCfg = Release|Any CPU
		{375C030A-84BD-444B-9BD3-FFCC11BC01B9}.Release|x86.Build.0 = Release|Any CPU
		{FFD92117-B0AB-400B-8033-5E25581751DB}.Debug|Any CPU.ActiveCfg = Debug|x86
		{FFD92117-B0AB-400B-8033-5E25581751DB}.Debug|ARM.ActiveCfg = Debug|ARM
		{FFD92117-B0AB-400B-8033-5E25581751DB}.Debug|ARM.Build.0 = Debug|ARM
		{FFD92117-B0AB-400B-8033-5E25581751DB}.Debug|ARM.Deploy.0 = Debug|ARM
		{FFD92117-B0AB-400B-8033-5E25581751DB}.Debug|ARM64.ActiveCfg = Debug|x86
		{FFD92117-B0AB-400B-8033-5E25581751DB}.Debug|x64.ActiveCfg = Debug|x64
		{FFD92117-B0AB-400B-8033-5E25581751DB}.Debug|x64.Build.0 = Debug|x64
		{FFD92117-B0AB-400B-8033-5E25581751DB}.Debug|x64.Deploy.0 = Debug|x64
		{FFD92117-B0AB-400B-8033-5E25581751DB}.Debug|x86.ActiveCfg = Debug|x86
		{FFD92117-B0AB-400B-8033-5E25581751DB}.Debug|x86.Build.0 = Debug|x86
		{FFD92117-B0AB-400B-8033-5E25581751DB}.Debug|x86.Deploy.0 = Debug|x86
		{FFD92117-B0AB-400B-8033-5E25581751DB}.Release|Any CPU.ActiveCfg = Release|x86
		{FFD92117-B0AB-400B-8033-5E25581751DB}.Release|ARM.ActiveCfg = Release|ARM
		{FFD92117-B0AB-400B-8033-5E25581751DB}.Release|ARM.Build.0 = Release|ARM
		{FFD92117-B0AB-400B-8033-5E25581751DB}.Release|ARM.Deploy.0 = Release|ARM
		{FFD92117-B0AB-400B-8033-5E25581751DB}.Release|ARM64.ActiveCfg = Release|x86
		{FFD92117-B0AB-400B-8033-5E25581751DB}.Release|x64.ActiveCfg = Release|x64
		{FFD92117-B0AB-400B-8033-5E25581751DB}.Release|x64.Build.0 = Release|x64
		{FFD92117-B0AB-400B-8033-5E25581751DB}.Release|x64.Deploy.0 = Release|x64
		{FFD92117-B0AB-400B-8033-5E25581751DB}.Release|x86.ActiveCfg = Release|x86
		{FFD92117-B0AB-400B-8033-5E25581751DB}.Release|x86.Build.0 = Release|x86
		{FFD92117-B0AB-400B-8033-5E25581751DB}.Release|x86.Deploy.0 = Release|x86
		{BF21F832-642C-45A7-BA06-818CBD48B5B0}.Debug|Any CPU.ActiveCfg = Debug|x86
		{BF21F832-642C-45A7-BA06-818CBD48B5B0}.Debug|ARM.ActiveCfg = Debug|ARM
		{BF21F832-642C-45A7-BA06-818CBD48B5B0}.Debug|ARM.Build.0 = Debug|ARM
		{BF21F832-642C-45A7-BA06-818CBD48B5B0}.Debug|ARM.Deploy.0 = Debug|ARM
		{BF21F832-642C-45A7-BA06-818CBD48B5B0}.Debug|ARM64.ActiveCfg = Debug|x86
		{BF21F832-642C-45A7-BA06-818CBD48B5B0}.Debug|x64.ActiveCfg = Debug|x64
		{BF21F832-642C-45A7-BA06-818CBD48B5B0}.Debug|x64.Build.0 = Debug|x64
		{BF21F832-642C-45A7-BA06-818CBD48B5B0}.Debug|x64.Deploy.0 = Debug|x64
		{BF21F832-642C-45A7-BA06-818CBD48B5B0}.Debug|x86.ActiveCfg = Debug|x86
		{BF21F832-642C-45A7-BA06-818CBD48B5B0}.Debug|x86.Build.0 = Debug|x86
		{BF21F832-642C-45A7-BA06-818CBD48B5B0}.Debug|x86.Deploy.0 = Debug|x86
		{BF21F832-642C-45A7-BA06-818CBD48B5B0}.Release|Any CPU.ActiveCfg = Release|x86
		{BF21F832-642C-45A7-BA06-818CBD48B5B0}.Release|ARM.ActiveCfg = Release|ARM
		{BF21F832-642C-45A7-BA06-818CBD48B5B0}.Release|ARM.Build.0 = Release|ARM
		{BF21F832-642C-45A7-BA06-818CBD48B5B0}.Release|ARM.Deploy.0 = Release|ARM
		{BF21F832-642C-45A7-BA06-818CBD48B5B0}.Release|ARM64.ActiveCfg = Release|x86
		{BF21F832-642C-45A7-BA06-818CBD48B5B0}.Release|x64.ActiveCfg = Release|x64
		{BF21F832-642C-45A7-BA06-818CBD48B5B0}.Release|x64.Build.0 = Release|x64
		{BF21F832-642C-45A7-BA06-818CBD48B5B0}.Release|x64.Deploy.0 = Release|x64
		{BF21F832-642C-45A7-BA06-818CBD48B5B0}.Release|x86.ActiveCfg = Release|x86
		{BF21F832-642C-45A7-BA06-818CBD48B5B0}.Release|x86.Build.0 = Release|x86
		{BF21F832-642C-45A7-BA06-818CBD48B5B0}.Release|x86.Deploy.0 = Release|x86
		{A4FC3DF2-52CA-4374-9C70-6CB831E8338F}.Debug|Any CPU.ActiveCfg = Debug|x86
		{A4FC3DF2-52CA-4374-9C70-6CB831E8338F}.Debug|ARM.ActiveCfg = Debug|ARM
		{A4FC3DF2-52CA-4374-9C70-6CB831E8338F}.Debug|ARM.Build.0 = Debug|ARM
		{A4FC3DF2-52CA-4374-9C70-6CB831E8338F}.Debug|ARM.Deploy.0 = Debug|ARM
		{A4FC3DF2-52CA-4374-9C70-6CB831E8338F}.Debug|ARM64.ActiveCfg = Debug|x86
		{A4FC3DF2-52CA-4374-9C70-6CB831E8338F}.Debug|x64.ActiveCfg = Debug|x64
		{A4FC3DF2-52CA-4374-9C70-6CB831E8338F}.Debug|x64.Build.0 = Debug|x64
		{A4FC3DF2-52CA-4374-9C70-6CB831E8338F}.Debug|x64.Deploy.0 = Debug|x64
		{A4FC3DF2-52CA-4374-9C70-6CB831E8338F}.Debug|x86.ActiveCfg = Debug|x86
		{A4FC3DF2-52CA-4374-9C70-6CB831E8338F}.Debug|x86.Build.0 = Debug|x86
		{A4FC3DF2-52CA-4374-9C70-6CB831E8338F}.Debug|x86.Deploy.0 = Debug|x86
		{A4FC3DF2-52CA-4374-9C70-6CB831E8338F}.Release|Any CPU.ActiveCfg = Release|x86
		{A4FC3DF2-52CA-4374-9C70-6CB831E8338F}.Release|ARM.ActiveCfg = Release|ARM
		{A4FC3DF2-52CA-4374-9C70-6CB831E8338F}.Release|ARM.Build.0 = Release|ARM
		{A4FC3DF2-52CA-4374-9C70-6CB831E8338F}.Release|ARM.Deploy.0 = Release|ARM
		{A4FC3DF2-52CA-4374-9C70-6CB831E8338F}.Release|ARM64.ActiveCfg = Release|x86
		{A4FC3DF2-52CA-4374-9C70-6CB831E8338F}.Release|x64.ActiveCfg = Release|x64
		{A4FC3DF2-52CA-4374-9C70-6CB831E8338F}.Release|x64.Build.0 = Release|x64
		{A4FC3DF2-52CA-4374-9C70-6CB831E8338F}.Release|x64.Deploy.0 = Release|x64
		{A4FC3DF2-52CA-4374-9C70-6CB831E8338F}.Release|x86.ActiveCfg = Release|x86
		{A4FC3DF2-52CA-4374-9C70-6CB831E8338F}.Release|x86.Build.0 = Release|x86
		{A4FC3DF2-52CA-4374-9C70-6CB831E8338F}.Release|x86.Deploy.0 = Release|x86
		{E84B3E2A-80B6-4DF7-9577-42C02BFD3AAC}.Debug|Any CPU.ActiveCfg = Debug|Any CPU
		{E84B3E2A-80B6-4DF7-9577-42C02BFD3AAC}.Debug|Any CPU.Build.0 = Debug|Any CPU
		{E84B3E2A-80B6-4DF7-9577-42C02BFD3AAC}.Debug|ARM.ActiveCfg = Debug|Any CPU
		{E84B3E2A-80B6-4DF7-9577-42C02BFD3AAC}.Debug|ARM.Build.0 = Debug|Any CPU
		{E84B3E2A-80B6-4DF7-9577-42C02BFD3AAC}.Debug|ARM64.ActiveCfg = Debug|Any CPU
		{E84B3E2A-80B6-4DF7-9577-42C02BFD3AAC}.Debug|ARM64.Build.0 = Debug|Any CPU
		{E84B3E2A-80B6-4DF7-9577-42C02BFD3AAC}.Debug|x64.ActiveCfg = Debug|Any CPU
		{E84B3E2A-80B6-4DF7-9577-42C02BFD3AAC}.Debug|x64.Build.0 = Debug|Any CPU
		{E84B3E2A-80B6-4DF7-9577-42C02BFD3AAC}.Debug|x86.ActiveCfg = Debug|Any CPU
		{E84B3E2A-80B6-4DF7-9577-42C02BFD3AAC}.Debug|x86.Build.0 = Debug|Any CPU
		{E84B3E2A-80B6-4DF7-9577-42C02BFD3AAC}.Release|Any CPU.ActiveCfg = Release|Any CPU
		{E84B3E2A-80B6-4DF7-9577-42C02BFD3AAC}.Release|Any CPU.Build.0 = Release|Any CPU
		{E84B3E2A-80B6-4DF7-9577-42C02BFD3AAC}.Release|ARM.ActiveCfg = Release|Any CPU
		{E84B3E2A-80B6-4DF7-9577-42C02BFD3AAC}.Release|ARM.Build.0 = Release|Any CPU
		{E84B3E2A-80B6-4DF7-9577-42C02BFD3AAC}.Release|ARM64.ActiveCfg = Release|Any CPU
		{E84B3E2A-80B6-4DF7-9577-42C02BFD3AAC}.Release|ARM64.Build.0 = Release|Any CPU
		{E84B3E2A-80B6-4DF7-9577-42C02BFD3AAC}.Release|x64.ActiveCfg = Release|Any CPU
		{E84B3E2A-80B6-4DF7-9577-42C02BFD3AAC}.Release|x64.Build.0 = Release|Any CPU
		{E84B3E2A-80B6-4DF7-9577-42C02BFD3AAC}.Release|x86.ActiveCfg = Release|Any CPU
		{E84B3E2A-80B6-4DF7-9577-42C02BFD3AAC}.Release|x86.Build.0 = Release|Any CPU
		{7A522143-59C4-4046-A200-A23E9A41D7E7}.Debug|Any CPU.ActiveCfg = Debug|x86
		{7A522143-59C4-4046-A200-A23E9A41D7E7}.Debug|ARM.ActiveCfg = Debug|ARM
		{7A522143-59C4-4046-A200-A23E9A41D7E7}.Debug|ARM.Build.0 = Debug|ARM
		{7A522143-59C4-4046-A200-A23E9A41D7E7}.Debug|ARM.Deploy.0 = Debug|ARM
		{7A522143-59C4-4046-A200-A23E9A41D7E7}.Debug|ARM64.ActiveCfg = Debug|x86
		{7A522143-59C4-4046-A200-A23E9A41D7E7}.Debug|x64.ActiveCfg = Debug|x64
		{7A522143-59C4-4046-A200-A23E9A41D7E7}.Debug|x64.Build.0 = Debug|x64
		{7A522143-59C4-4046-A200-A23E9A41D7E7}.Debug|x64.Deploy.0 = Debug|x64
		{7A522143-59C4-4046-A200-A23E9A41D7E7}.Debug|x86.ActiveCfg = Debug|x86
		{7A522143-59C4-4046-A200-A23E9A41D7E7}.Debug|x86.Build.0 = Debug|x86
		{7A522143-59C4-4046-A200-A23E9A41D7E7}.Debug|x86.Deploy.0 = Debug|x86
		{7A522143-59C4-4046-A200-A23E9A41D7E7}.Release|Any CPU.ActiveCfg = Release|x86
		{7A522143-59C4-4046-A200-A23E9A41D7E7}.Release|ARM.ActiveCfg = Release|ARM
		{7A522143-59C4-4046-A200-A23E9A41D7E7}.Release|ARM.Build.0 = Release|ARM
		{7A522143-59C4-4046-A200-A23E9A41D7E7}.Release|ARM.Deploy.0 = Release|ARM
		{7A522143-59C4-4046-A200-A23E9A41D7E7}.Release|ARM64.ActiveCfg = Release|x86
		{7A522143-59C4-4046-A200-A23E9A41D7E7}.Release|x64.ActiveCfg = Release|x64
		{7A522143-59C4-4046-A200-A23E9A41D7E7}.Release|x64.Build.0 = Release|x64
		{7A522143-59C4-4046-A200-A23E9A41D7E7}.Release|x64.Deploy.0 = Release|x64
		{7A522143-59C4-4046-A200-A23E9A41D7E7}.Release|x86.ActiveCfg = Release|x86
		{7A522143-59C4-4046-A200-A23E9A41D7E7}.Release|x86.Build.0 = Release|x86
		{7A522143-59C4-4046-A200-A23E9A41D7E7}.Release|x86.Deploy.0 = Release|x86
		{7D4DE91C-A4D4-4056-9720-AD92FFFE7621}.Debug|Any CPU.ActiveCfg = Debug|x86
		{7D4DE91C-A4D4-4056-9720-AD92FFFE7621}.Debug|ARM.ActiveCfg = Debug|ARM
		{7D4DE91C-A4D4-4056-9720-AD92FFFE7621}.Debug|ARM.Build.0 = Debug|ARM
		{7D4DE91C-A4D4-4056-9720-AD92FFFE7621}.Debug|ARM.Deploy.0 = Debug|ARM
		{7D4DE91C-A4D4-4056-9720-AD92FFFE7621}.Debug|ARM64.ActiveCfg = Debug|ARM64
		{7D4DE91C-A4D4-4056-9720-AD92FFFE7621}.Debug|ARM64.Build.0 = Debug|ARM64
		{7D4DE91C-A4D4-4056-9720-AD92FFFE7621}.Debug|ARM64.Deploy.0 = Debug|ARM64
		{7D4DE91C-A4D4-4056-9720-AD92FFFE7621}.Debug|x64.ActiveCfg = Debug|x64
		{7D4DE91C-A4D4-4056-9720-AD92FFFE7621}.Debug|x64.Build.0 = Debug|x64
		{7D4DE91C-A4D4-4056-9720-AD92FFFE7621}.Debug|x64.Deploy.0 = Debug|x64
		{7D4DE91C-A4D4-4056-9720-AD92FFFE7621}.Debug|x86.ActiveCfg = Debug|x86
		{7D4DE91C-A4D4-4056-9720-AD92FFFE7621}.Debug|x86.Build.0 = Debug|x86
		{7D4DE91C-A4D4-4056-9720-AD92FFFE7621}.Debug|x86.Deploy.0 = Debug|x86
		{7D4DE91C-A4D4-4056-9720-AD92FFFE7621}.Release|Any CPU.ActiveCfg = Release|x86
		{7D4DE91C-A4D4-4056-9720-AD92FFFE7621}.Release|ARM.ActiveCfg = Release|ARM
		{7D4DE91C-A4D4-4056-9720-AD92FFFE7621}.Release|ARM.Build.0 = Release|ARM
		{7D4DE91C-A4D4-4056-9720-AD92FFFE7621}.Release|ARM.Deploy.0 = Release|ARM
		{7D4DE91C-A4D4-4056-9720-AD92FFFE7621}.Release|ARM64.ActiveCfg = Release|ARM64
		{7D4DE91C-A4D4-4056-9720-AD92FFFE7621}.Release|ARM64.Build.0 = Release|ARM64
		{7D4DE91C-A4D4-4056-9720-AD92FFFE7621}.Release|ARM64.Deploy.0 = Release|ARM64
		{7D4DE91C-A4D4-4056-9720-AD92FFFE7621}.Release|x64.ActiveCfg = Release|x64
		{7D4DE91C-A4D4-4056-9720-AD92FFFE7621}.Release|x64.Build.0 = Release|x64
		{7D4DE91C-A4D4-4056-9720-AD92FFFE7621}.Release|x64.Deploy.0 = Release|x64
		{7D4DE91C-A4D4-4056-9720-AD92FFFE7621}.Release|x86.ActiveCfg = Release|x86
		{7D4DE91C-A4D4-4056-9720-AD92FFFE7621}.Release|x86.Build.0 = Release|x86
		{7D4DE91C-A4D4-4056-9720-AD92FFFE7621}.Release|x86.Deploy.0 = Release|x86
	EndGlobalSection
	GlobalSection(SolutionProperties) = preSolution
		HideSolutionNode = FALSE
	EndGlobalSection
	GlobalSection(ExtensibilityGlobals) = postSolution
		SolutionGuid = {17223086-7477-472E-AEE5-73AD92E7F544}
	EndGlobalSection
EndGlobal
